// !$*UTF8*$!
{
	archiveVersion = 1;
	classes = {
	};
	objectVersion = 56;
	objects = {

/* Begin PBXBuildFile section */
		026C87AE2A1F30FE00B6E8B1 /* LoginView.swift in Sources */ = {isa = PBXBuildFile; fileRef = 026C87AD2A1F30FE00B6E8B1 /* LoginView.swift */; };
		026C87B12A1F312F00B6E8B1 /* RegisterView.swift in Sources */ = {isa = PBXBuildFile; fileRef = 026C87B02A1F312F00B6E8B1 /* RegisterView.swift */; };
		026C87B42A1F33B900B6E8B1 /* WelcomeView.swift in Sources */ = {isa = PBXBuildFile; fileRef = 026C87B32A1F33B900B6E8B1 /* WelcomeView.swift */; };
		026C87B82A1F341500B6E8B1 /* WelcomeViewModel.swift in Sources */ = {isa = PBXBuildFile; fileRef = 026C87B72A1F341500B6E8B1 /* WelcomeViewModel.swift */; };
		0272A59A2A537D5400D7C01D /* AdminRecipePageView.swift in Sources */ = {isa = PBXBuildFile; fileRef = 0272A5992A537D5400D7C01D /* AdminRecipePageView.swift */; };
		0272A59C2A537D6000D7C01D /* AdminAddRecipeView.swift in Sources */ = {isa = PBXBuildFile; fileRef = 0272A59B2A537D6000D7C01D /* AdminAddRecipeView.swift */; };
		02BB61C32A20A8BF009408FB /* RegisterViewModel.swift in Sources */ = {isa = PBXBuildFile; fileRef = 02BB61C22A20A8BF009408FB /* RegisterViewModel.swift */; };
		02BB62412A21C1D7009408FB /* FirebaseAnalytics in Frameworks */ = {isa = PBXBuildFile; productRef = 02BB62402A21C1D7009408FB /* FirebaseAnalytics */; };
		02BB62432A21C1D7009408FB /* FirebaseAnalyticsOnDeviceConversion in Frameworks */ = {isa = PBXBuildFile; productRef = 02BB62422A21C1D7009408FB /* FirebaseAnalyticsOnDeviceConversion */; };
		02BB62452A21C1D7009408FB /* FirebaseAnalyticsSwift in Frameworks */ = {isa = PBXBuildFile; productRef = 02BB62442A21C1D7009408FB /* FirebaseAnalyticsSwift */; };
		02BB62472A21C1D7009408FB /* FirebaseAnalyticsWithoutAdIdSupport in Frameworks */ = {isa = PBXBuildFile; productRef = 02BB62462A21C1D7009408FB /* FirebaseAnalyticsWithoutAdIdSupport */; };
		02BB62492A21C1D7009408FB /* FirebaseAppCheck in Frameworks */ = {isa = PBXBuildFile; productRef = 02BB62482A21C1D7009408FB /* FirebaseAppCheck */; };
		02BB624B2A21C1D7009408FB /* FirebaseAppDistribution-Beta in Frameworks */ = {isa = PBXBuildFile; productRef = 02BB624A2A21C1D7009408FB /* FirebaseAppDistribution-Beta */; };
		02BB624D2A21C1D7009408FB /* FirebaseAuth in Frameworks */ = {isa = PBXBuildFile; productRef = 02BB624C2A21C1D7009408FB /* FirebaseAuth */; };
		02BB624F2A21C1D7009408FB /* FirebaseAuthCombine-Community in Frameworks */ = {isa = PBXBuildFile; productRef = 02BB624E2A21C1D7009408FB /* FirebaseAuthCombine-Community */; };
		02BB62512A21C1D7009408FB /* FirebaseCrashlytics in Frameworks */ = {isa = PBXBuildFile; productRef = 02BB62502A21C1D7009408FB /* FirebaseCrashlytics */; };
		02BB62532A21C1D7009408FB /* FirebaseDatabase in Frameworks */ = {isa = PBXBuildFile; productRef = 02BB62522A21C1D7009408FB /* FirebaseDatabase */; };
		02BB62552A21C1D7009408FB /* FirebaseDatabaseSwift in Frameworks */ = {isa = PBXBuildFile; productRef = 02BB62542A21C1D7009408FB /* FirebaseDatabaseSwift */; };
		02BB62572A21C1D7009408FB /* FirebaseDynamicLinks in Frameworks */ = {isa = PBXBuildFile; productRef = 02BB62562A21C1D7009408FB /* FirebaseDynamicLinks */; };
		02BB62592A21C1D7009408FB /* FirebaseFirestore in Frameworks */ = {isa = PBXBuildFile; productRef = 02BB62582A21C1D7009408FB /* FirebaseFirestore */; };
		02BB625B2A21C1D7009408FB /* FirebaseFirestoreCombine-Community in Frameworks */ = {isa = PBXBuildFile; productRef = 02BB625A2A21C1D7009408FB /* FirebaseFirestoreCombine-Community */; };
		02BB625D2A21C1D7009408FB /* FirebaseFirestoreSwift in Frameworks */ = {isa = PBXBuildFile; productRef = 02BB625C2A21C1D7009408FB /* FirebaseFirestoreSwift */; };
		02BB625F2A21C1D7009408FB /* FirebaseFunctions in Frameworks */ = {isa = PBXBuildFile; productRef = 02BB625E2A21C1D7009408FB /* FirebaseFunctions */; };
		02BB62612A21C1D7009408FB /* FirebaseFunctionsCombine-Community in Frameworks */ = {isa = PBXBuildFile; productRef = 02BB62602A21C1D7009408FB /* FirebaseFunctionsCombine-Community */; };
		02BB62632A21C1D7009408FB /* FirebaseInAppMessaging-Beta in Frameworks */ = {isa = PBXBuildFile; productRef = 02BB62622A21C1D7009408FB /* FirebaseInAppMessaging-Beta */; };
		02BB62652A21C1D7009408FB /* FirebaseInAppMessagingSwift-Beta in Frameworks */ = {isa = PBXBuildFile; productRef = 02BB62642A21C1D7009408FB /* FirebaseInAppMessagingSwift-Beta */; };
		02BB62672A21C1D7009408FB /* FirebaseInstallations in Frameworks */ = {isa = PBXBuildFile; productRef = 02BB62662A21C1D7009408FB /* FirebaseInstallations */; };
		02BB62692A21C1D7009408FB /* FirebaseMLModelDownloader in Frameworks */ = {isa = PBXBuildFile; productRef = 02BB62682A21C1D7009408FB /* FirebaseMLModelDownloader */; };
		02BB626B2A21C1D7009408FB /* FirebaseMessaging in Frameworks */ = {isa = PBXBuildFile; productRef = 02BB626A2A21C1D7009408FB /* FirebaseMessaging */; };
		02BB626D2A21C1D7009408FB /* FirebasePerformance in Frameworks */ = {isa = PBXBuildFile; productRef = 02BB626C2A21C1D7009408FB /* FirebasePerformance */; };
		02BB626F2A21C1D7009408FB /* FirebaseRemoteConfig in Frameworks */ = {isa = PBXBuildFile; productRef = 02BB626E2A21C1D7009408FB /* FirebaseRemoteConfig */; };
		02BB62712A21C1D7009408FB /* FirebaseRemoteConfigSwift in Frameworks */ = {isa = PBXBuildFile; productRef = 02BB62702A21C1D7009408FB /* FirebaseRemoteConfigSwift */; };
		02BB62732A21C1D7009408FB /* FirebaseStorage in Frameworks */ = {isa = PBXBuildFile; productRef = 02BB62722A21C1D7009408FB /* FirebaseStorage */; };
		02BB62752A21C1D7009408FB /* FirebaseStorageCombine-Community in Frameworks */ = {isa = PBXBuildFile; productRef = 02BB62742A21C1D7009408FB /* FirebaseStorageCombine-Community */; };
		02BB627D2A2263FE009408FB /* GoogleService-Info.plist in Resources */ = {isa = PBXBuildFile; fileRef = 02BB627C2A2263FE009408FB /* GoogleService-Info.plist */; };
		02BB62832A25FA3C009408FB /* LoginViewModel.swift in Sources */ = {isa = PBXBuildFile; fileRef = 02BB62822A25FA3C009408FB /* LoginViewModel.swift */; };
		02BB62852A29C731009408FB /* AdminView.swift in Sources */ = {isa = PBXBuildFile; fileRef = 02BB62842A29C731009408FB /* AdminView.swift */; };
		02BB62882A29C862009408FB /* AdminViewModel.swift in Sources */ = {isa = PBXBuildFile; fileRef = 02BB62872A29C862009408FB /* AdminViewModel.swift */; };
		02BB628A2A2F23E5009408FB /* ManageAccView.swift in Sources */ = {isa = PBXBuildFile; fileRef = 02BB62892A2F23E5009408FB /* ManageAccView.swift */; };
		02BB628D2A360EE4009408FB /* ManageRecipeView.swift in Sources */ = {isa = PBXBuildFile; fileRef = 02BB628C2A360EE4009408FB /* ManageRecipeView.swift */; };
		02E90DB42A0DEF6500706F80 /* SkripsiApp.swift in Sources */ = {isa = PBXBuildFile; fileRef = 02E90DB32A0DEF6500706F80 /* SkripsiApp.swift */; };
		02E90DB62A0DEF6500706F80 /* ContentView.swift in Sources */ = {isa = PBXBuildFile; fileRef = 02E90DB52A0DEF6500706F80 /* ContentView.swift */; };
		02E90DB82A0DEF6700706F80 /* Assets.xcassets in Resources */ = {isa = PBXBuildFile; fileRef = 02E90DB72A0DEF6700706F80 /* Assets.xcassets */; };
		02E90DBB2A0DEF6700706F80 /* Preview Assets.xcassets in Resources */ = {isa = PBXBuildFile; fileRef = 02E90DBA2A0DEF6700706F80 /* Preview Assets.xcassets */; };
		02E90DBD2A0DEF6700706F80 /* Persistence.swift in Sources */ = {isa = PBXBuildFile; fileRef = 02E90DBC2A0DEF6700706F80 /* Persistence.swift */; };
		02E90DC02A0DEF6700706F80 /* Skripsi.xcdatamodeld in Sources */ = {isa = PBXBuildFile; fileRef = 02E90DBE2A0DEF6700706F80 /* Skripsi.xcdatamodeld */; };
		02E90DCA2A0DEF6700706F80 /* SkripsiTests.swift in Sources */ = {isa = PBXBuildFile; fileRef = 02E90DC92A0DEF6700706F80 /* SkripsiTests.swift */; };
		02E90DD42A0DEF6700706F80 /* SkripsiUITests.swift in Sources */ = {isa = PBXBuildFile; fileRef = 02E90DD32A0DEF6700706F80 /* SkripsiUITests.swift */; };
		02E90DD62A0DEF6700706F80 /* SkripsiUITestsLaunchTests.swift in Sources */ = {isa = PBXBuildFile; fileRef = 02E90DD52A0DEF6700706F80 /* SkripsiUITestsLaunchTests.swift */; };
		4D7A8A842A542D4700A26299 /* DestinationView.swift in Sources */ = {isa = PBXBuildFile; fileRef = 4D7A8A832A542D4700A26299 /* DestinationView.swift */; };
		8E115FBF2A1A2C6D0052C16A /* MealTabItemView.swift in Sources */ = {isa = PBXBuildFile; fileRef = 8E115FBE2A1A2C6D0052C16A /* MealTabItemView.swift */; };
		8E115FC52A1A57F50052C16A /* Color.swift in Sources */ = {isa = PBXBuildFile; fileRef = 8E115FC42A1A57F50052C16A /* Color.swift */; };
		8E115FC72A1A6CFE0052C16A /* MealTabItemViewModel.swift in Sources */ = {isa = PBXBuildFile; fileRef = 8E115FC62A1A6CFE0052C16A /* MealTabItemViewModel.swift */; };
		8E115FCA2A1A6D5D0052C16A /* Meal.swift in Sources */ = {isa = PBXBuildFile; fileRef = 8E115FC92A1A6D5D0052C16A /* Meal.swift */; };
		8E115FCF2A1BACE60052C16A /* SeeMoreMealCurrentView.swift in Sources */ = {isa = PBXBuildFile; fileRef = 8E115FCE2A1BACE60052C16A /* SeeMoreMealCurrentView.swift */; };
		8E4A738E2A1CB39D009BB040 /* SearchTabItemView.swift in Sources */ = {isa = PBXBuildFile; fileRef = 8E4A738D2A1CB39D009BB040 /* SearchTabItemView.swift */; };
		8E4A73902A1D146A009BB040 /* SearchTabItemViewModel.swift in Sources */ = {isa = PBXBuildFile; fileRef = 8E4A738F2A1D146A009BB040 /* SearchTabItemViewModel.swift */; };
		8E4A73922A1D1F13009BB040 /* AutomatedOverlayView.swift in Sources */ = {isa = PBXBuildFile; fileRef = 8E4A73912A1D1F13009BB040 /* AutomatedOverlayView.swift */; };
		8E4A73942A1D2A55009BB040 /* MealPlanItem.swift in Sources */ = {isa = PBXBuildFile; fileRef = 8E4A73932A1D2A55009BB040 /* MealPlanItem.swift */; };
		8E68EE512A264785002FD8FB /* AuthManager.swift in Sources */ = {isa = PBXBuildFile; fileRef = 8E68EE502A264785002FD8FB /* AuthManager.swift */; };
		8E68EE532A264C54002FD8FB /* User.swift in Sources */ = {isa = PBXBuildFile; fileRef = 8E68EE522A264C54002FD8FB /* User.swift */; };
		8E932EE12A1DAE7100DCA67C /* AutomatedOverlayMealPlanView.swift in Sources */ = {isa = PBXBuildFile; fileRef = 8E932EE02A1DAE7100DCA67C /* AutomatedOverlayMealPlanView.swift */; };
		8E932EE32A1DB01500DCA67C /* MealItemView.swift in Sources */ = {isa = PBXBuildFile; fileRef = 8E932EE22A1DB01500DCA67C /* MealItemView.swift */; };
		8E932EE52A1DB2E300DCA67C /* AutomatedOverlayTimesView.swift in Sources */ = {isa = PBXBuildFile; fileRef = 8E932EE42A1DB2E300DCA67C /* AutomatedOverlayTimesView.swift */; };
		8E932EEA2A1E3D6200DCA67C /* ProfileTabItemView.swift in Sources */ = {isa = PBXBuildFile; fileRef = 8E932EE92A1E3D6200DCA67C /* ProfileTabItemView.swift */; };
		8E932EED2A1E3DAB00DCA67C /* ButtonView.swift in Sources */ = {isa = PBXBuildFile; fileRef = 8E932EEC2A1E3DAB00DCA67C /* ButtonView.swift */; };
		8EDED53F2A1BBA1800DC8C6A /* MainTabConfig.swift in Sources */ = {isa = PBXBuildFile; fileRef = 8EDED53E2A1BBA1800DC8C6A /* MainTabConfig.swift */; };
/* End PBXBuildFile section */

/* Begin PBXContainerItemProxy section */
		02E90DC62A0DEF6700706F80 /* PBXContainerItemProxy */ = {
			isa = PBXContainerItemProxy;
			containerPortal = 02E90DA82A0DEF6500706F80 /* Project object */;
			proxyType = 1;
			remoteGlobalIDString = 02E90DAF2A0DEF6500706F80;
			remoteInfo = Skripsi;
		};
		02E90DD02A0DEF6700706F80 /* PBXContainerItemProxy */ = {
			isa = PBXContainerItemProxy;
			containerPortal = 02E90DA82A0DEF6500706F80 /* Project object */;
			proxyType = 1;
			remoteGlobalIDString = 02E90DAF2A0DEF6500706F80;
			remoteInfo = Skripsi;
		};
/* End PBXContainerItemProxy section */

/* Begin PBXFileReference section */
		026C87AD2A1F30FE00B6E8B1 /* LoginView.swift */ = {isa = PBXFileReference; lastKnownFileType = sourcecode.swift; path = LoginView.swift; sourceTree = "<group>"; };
		026C87B02A1F312F00B6E8B1 /* RegisterView.swift */ = {isa = PBXFileReference; lastKnownFileType = sourcecode.swift; path = RegisterView.swift; sourceTree = "<group>"; };
		026C87B32A1F33B900B6E8B1 /* WelcomeView.swift */ = {isa = PBXFileReference; lastKnownFileType = sourcecode.swift; path = WelcomeView.swift; sourceTree = "<group>"; };
		026C87B72A1F341500B6E8B1 /* WelcomeViewModel.swift */ = {isa = PBXFileReference; lastKnownFileType = sourcecode.swift; path = WelcomeViewModel.swift; sourceTree = "<group>"; };
		0272A5992A537D5400D7C01D /* AdminRecipePageView.swift */ = {isa = PBXFileReference; lastKnownFileType = sourcecode.swift; path = AdminRecipePageView.swift; sourceTree = "<group>"; };
		0272A59B2A537D6000D7C01D /* AdminAddRecipeView.swift */ = {isa = PBXFileReference; lastKnownFileType = sourcecode.swift; path = AdminAddRecipeView.swift; sourceTree = "<group>"; };
		02BB61C22A20A8BF009408FB /* RegisterViewModel.swift */ = {isa = PBXFileReference; lastKnownFileType = sourcecode.swift; path = RegisterViewModel.swift; sourceTree = "<group>"; };
		02BB627C2A2263FE009408FB /* GoogleService-Info.plist */ = {isa = PBXFileReference; fileEncoding = 4; lastKnownFileType = text.plist.xml; path = "GoogleService-Info.plist"; sourceTree = "<group>"; };
		02BB62822A25FA3C009408FB /* LoginViewModel.swift */ = {isa = PBXFileReference; lastKnownFileType = sourcecode.swift; path = LoginViewModel.swift; sourceTree = "<group>"; };
		02BB62842A29C731009408FB /* AdminView.swift */ = {isa = PBXFileReference; lastKnownFileType = sourcecode.swift; path = AdminView.swift; sourceTree = "<group>"; };
		02BB62872A29C862009408FB /* AdminViewModel.swift */ = {isa = PBXFileReference; lastKnownFileType = sourcecode.swift; path = AdminViewModel.swift; sourceTree = "<group>"; };
		02BB62892A2F23E5009408FB /* ManageAccView.swift */ = {isa = PBXFileReference; lastKnownFileType = sourcecode.swift; path = ManageAccView.swift; sourceTree = "<group>"; };
		02BB628C2A360EE4009408FB /* ManageRecipeView.swift */ = {isa = PBXFileReference; lastKnownFileType = sourcecode.swift; path = ManageRecipeView.swift; sourceTree = "<group>"; };
		02E90DB02A0DEF6500706F80 /* Skripsi.app */ = {isa = PBXFileReference; explicitFileType = wrapper.application; includeInIndex = 0; path = Skripsi.app; sourceTree = BUILT_PRODUCTS_DIR; };
		02E90DB32A0DEF6500706F80 /* SkripsiApp.swift */ = {isa = PBXFileReference; lastKnownFileType = sourcecode.swift; path = SkripsiApp.swift; sourceTree = "<group>"; };
		02E90DB52A0DEF6500706F80 /* ContentView.swift */ = {isa = PBXFileReference; lastKnownFileType = sourcecode.swift; path = ContentView.swift; sourceTree = "<group>"; };
		02E90DB72A0DEF6700706F80 /* Assets.xcassets */ = {isa = PBXFileReference; lastKnownFileType = folder.assetcatalog; path = Assets.xcassets; sourceTree = "<group>"; };
		02E90DBA2A0DEF6700706F80 /* Preview Assets.xcassets */ = {isa = PBXFileReference; lastKnownFileType = folder.assetcatalog; path = "Preview Assets.xcassets"; sourceTree = "<group>"; };
		02E90DBC2A0DEF6700706F80 /* Persistence.swift */ = {isa = PBXFileReference; lastKnownFileType = sourcecode.swift; path = Persistence.swift; sourceTree = "<group>"; };
		02E90DBF2A0DEF6700706F80 /* Skripsi.xcdatamodel */ = {isa = PBXFileReference; lastKnownFileType = wrapper.xcdatamodel; path = Skripsi.xcdatamodel; sourceTree = "<group>"; };
		02E90DC52A0DEF6700706F80 /* SkripsiTests.xctest */ = {isa = PBXFileReference; explicitFileType = wrapper.cfbundle; includeInIndex = 0; path = SkripsiTests.xctest; sourceTree = BUILT_PRODUCTS_DIR; };
		02E90DC92A0DEF6700706F80 /* SkripsiTests.swift */ = {isa = PBXFileReference; lastKnownFileType = sourcecode.swift; path = SkripsiTests.swift; sourceTree = "<group>"; };
		02E90DCF2A0DEF6700706F80 /* SkripsiUITests.xctest */ = {isa = PBXFileReference; explicitFileType = wrapper.cfbundle; includeInIndex = 0; path = SkripsiUITests.xctest; sourceTree = BUILT_PRODUCTS_DIR; };
		02E90DD32A0DEF6700706F80 /* SkripsiUITests.swift */ = {isa = PBXFileReference; lastKnownFileType = sourcecode.swift; path = SkripsiUITests.swift; sourceTree = "<group>"; };
		02E90DD52A0DEF6700706F80 /* SkripsiUITestsLaunchTests.swift */ = {isa = PBXFileReference; lastKnownFileType = sourcecode.swift; path = SkripsiUITestsLaunchTests.swift; sourceTree = "<group>"; };
		4D7A8A832A542D4700A26299 /* DestinationView.swift */ = {isa = PBXFileReference; lastKnownFileType = sourcecode.swift; path = DestinationView.swift; sourceTree = "<group>"; };
		8E115FBE2A1A2C6D0052C16A /* MealTabItemView.swift */ = {isa = PBXFileReference; lastKnownFileType = sourcecode.swift; path = MealTabItemView.swift; sourceTree = "<group>"; };
		8E115FC42A1A57F50052C16A /* Color.swift */ = {isa = PBXFileReference; lastKnownFileType = sourcecode.swift; name = Color.swift; path = Skripsi/Color.swift; sourceTree = SOURCE_ROOT; };
		8E115FC62A1A6CFE0052C16A /* MealTabItemViewModel.swift */ = {isa = PBXFileReference; lastKnownFileType = sourcecode.swift; path = MealTabItemViewModel.swift; sourceTree = "<group>"; };
		8E115FC92A1A6D5D0052C16A /* Meal.swift */ = {isa = PBXFileReference; lastKnownFileType = sourcecode.swift; path = Meal.swift; sourceTree = "<group>"; };
		8E115FCE2A1BACE60052C16A /* SeeMoreMealCurrentView.swift */ = {isa = PBXFileReference; lastKnownFileType = sourcecode.swift; path = SeeMoreMealCurrentView.swift; sourceTree = "<group>"; };
		8E4A738D2A1CB39D009BB040 /* SearchTabItemView.swift */ = {isa = PBXFileReference; lastKnownFileType = sourcecode.swift; path = SearchTabItemView.swift; sourceTree = "<group>"; };
		8E4A738F2A1D146A009BB040 /* SearchTabItemViewModel.swift */ = {isa = PBXFileReference; lastKnownFileType = sourcecode.swift; path = SearchTabItemViewModel.swift; sourceTree = "<group>"; };
		8E4A73912A1D1F13009BB040 /* AutomatedOverlayView.swift */ = {isa = PBXFileReference; lastKnownFileType = sourcecode.swift; path = AutomatedOverlayView.swift; sourceTree = "<group>"; };
		8E4A73932A1D2A55009BB040 /* MealPlanItem.swift */ = {isa = PBXFileReference; lastKnownFileType = sourcecode.swift; path = MealPlanItem.swift; sourceTree = "<group>"; };
		8E68EE502A264785002FD8FB /* AuthManager.swift */ = {isa = PBXFileReference; lastKnownFileType = sourcecode.swift; path = AuthManager.swift; sourceTree = "<group>"; };
		8E68EE522A264C54002FD8FB /* User.swift */ = {isa = PBXFileReference; lastKnownFileType = sourcecode.swift; path = User.swift; sourceTree = "<group>"; };
		8E932EE02A1DAE7100DCA67C /* AutomatedOverlayMealPlanView.swift */ = {isa = PBXFileReference; lastKnownFileType = sourcecode.swift; path = AutomatedOverlayMealPlanView.swift; sourceTree = "<group>"; };
		8E932EE22A1DB01500DCA67C /* MealItemView.swift */ = {isa = PBXFileReference; lastKnownFileType = sourcecode.swift; path = MealItemView.swift; sourceTree = "<group>"; };
		8E932EE42A1DB2E300DCA67C /* AutomatedOverlayTimesView.swift */ = {isa = PBXFileReference; lastKnownFileType = sourcecode.swift; path = AutomatedOverlayTimesView.swift; sourceTree = "<group>"; };
		8E932EE92A1E3D6200DCA67C /* ProfileTabItemView.swift */ = {isa = PBXFileReference; lastKnownFileType = sourcecode.swift; path = ProfileTabItemView.swift; sourceTree = "<group>"; };
		8E932EEC2A1E3DAB00DCA67C /* ButtonView.swift */ = {isa = PBXFileReference; lastKnownFileType = sourcecode.swift; path = ButtonView.swift; sourceTree = "<group>"; };
		8EDED53E2A1BBA1800DC8C6A /* MainTabConfig.swift */ = {isa = PBXFileReference; lastKnownFileType = sourcecode.swift; path = MainTabConfig.swift; sourceTree = "<group>"; };
/* End PBXFileReference section */

/* Begin PBXFrameworksBuildPhase section */
		02E90DAD2A0DEF6500706F80 /* Frameworks */ = {
			isa = PBXFrameworksBuildPhase;
			buildActionMask = 2147483647;
			files = (
				02BB62532A21C1D7009408FB /* FirebaseDatabase in Frameworks */,
				02BB62612A21C1D7009408FB /* FirebaseFunctionsCombine-Community in Frameworks */,
				02BB62592A21C1D7009408FB /* FirebaseFirestore in Frameworks */,
				02BB62452A21C1D7009408FB /* FirebaseAnalyticsSwift in Frameworks */,
				02BB62412A21C1D7009408FB /* FirebaseAnalytics in Frameworks */,
				02BB62432A21C1D7009408FB /* FirebaseAnalyticsOnDeviceConversion in Frameworks */,
				02BB62692A21C1D7009408FB /* FirebaseMLModelDownloader in Frameworks */,
				02BB625D2A21C1D7009408FB /* FirebaseFirestoreSwift in Frameworks */,
				02BB62492A21C1D7009408FB /* FirebaseAppCheck in Frameworks */,
				02BB62472A21C1D7009408FB /* FirebaseAnalyticsWithoutAdIdSupport in Frameworks */,
				02BB624D2A21C1D7009408FB /* FirebaseAuth in Frameworks */,
				02BB62512A21C1D7009408FB /* FirebaseCrashlytics in Frameworks */,
				02BB62712A21C1D7009408FB /* FirebaseRemoteConfigSwift in Frameworks */,
				02BB62632A21C1D7009408FB /* FirebaseInAppMessaging-Beta in Frameworks */,
				02BB62552A21C1D7009408FB /* FirebaseDatabaseSwift in Frameworks */,
				02BB625F2A21C1D7009408FB /* FirebaseFunctions in Frameworks */,
				02BB62752A21C1D7009408FB /* FirebaseStorageCombine-Community in Frameworks */,
				02BB626F2A21C1D7009408FB /* FirebaseRemoteConfig in Frameworks */,
				02BB624B2A21C1D7009408FB /* FirebaseAppDistribution-Beta in Frameworks */,
				02BB624F2A21C1D7009408FB /* FirebaseAuthCombine-Community in Frameworks */,
				02BB626D2A21C1D7009408FB /* FirebasePerformance in Frameworks */,
				02BB62652A21C1D7009408FB /* FirebaseInAppMessagingSwift-Beta in Frameworks */,
				02BB62732A21C1D7009408FB /* FirebaseStorage in Frameworks */,
				02BB62572A21C1D7009408FB /* FirebaseDynamicLinks in Frameworks */,
				02BB625B2A21C1D7009408FB /* FirebaseFirestoreCombine-Community in Frameworks */,
				02BB626B2A21C1D7009408FB /* FirebaseMessaging in Frameworks */,
				02BB62672A21C1D7009408FB /* FirebaseInstallations in Frameworks */,
			);
			runOnlyForDeploymentPostprocessing = 0;
		};
		02E90DC22A0DEF6700706F80 /* Frameworks */ = {
			isa = PBXFrameworksBuildPhase;
			buildActionMask = 2147483647;
			files = (
			);
			runOnlyForDeploymentPostprocessing = 0;
		};
		02E90DCC2A0DEF6700706F80 /* Frameworks */ = {
			isa = PBXFrameworksBuildPhase;
			buildActionMask = 2147483647;
			files = (
			);
			runOnlyForDeploymentPostprocessing = 0;
		};
/* End PBXFrameworksBuildPhase section */

/* Begin PBXGroup section */
		026C87AC2A1F30EA00B6E8B1 /* Login */ = {
			isa = PBXGroup;
			children = (
				026C87AD2A1F30FE00B6E8B1 /* LoginView.swift */,
				02BB62822A25FA3C009408FB /* LoginViewModel.swift */,
			);
			path = Login;
			sourceTree = "<group>";
		};
		026C87AF2A1F312000B6E8B1 /* Register */ = {
			isa = PBXGroup;
			children = (
				026C87B02A1F312F00B6E8B1 /* RegisterView.swift */,
				02BB61C22A20A8BF009408FB /* RegisterViewModel.swift */,
			);
			path = Register;
			sourceTree = "<group>";
		};
		026C87B22A1F33AE00B6E8B1 /* Welcome */ = {
			isa = PBXGroup;
			children = (
				026C87B32A1F33B900B6E8B1 /* WelcomeView.swift */,
				026C87B72A1F341500B6E8B1 /* WelcomeViewModel.swift */,
			);
			path = Welcome;
			sourceTree = "<group>";
		};
		02BB62862A29C739009408FB /* Admin */ = {
			isa = PBXGroup;
			children = (
				02BB62842A29C731009408FB /* AdminView.swift */,
				02BB62892A2F23E5009408FB /* ManageAccView.swift */,
				02BB628C2A360EE4009408FB /* ManageRecipeView.swift */,
				0272A5992A537D5400D7C01D /* AdminRecipePageView.swift */,
				0272A59B2A537D6000D7C01D /* AdminAddRecipeView.swift */,
				02BB62872A29C862009408FB /* AdminViewModel.swift */,
				4D7A8A832A542D4700A26299 /* DestinationView.swift */,
			);
			path = Admin;
			sourceTree = "<group>";
		};
		02E90DA72A0DEF6500706F80 = {
			isa = PBXGroup;
			children = (
				02E90DB22A0DEF6500706F80 /* Skripsi */,
				02E90DC82A0DEF6700706F80 /* SkripsiTests */,
				02E90DD22A0DEF6700706F80 /* SkripsiUITests */,
				02E90DB12A0DEF6500706F80 /* Products */,
			);
			sourceTree = "<group>";
		};
		02E90DB12A0DEF6500706F80 /* Products */ = {
			isa = PBXGroup;
			children = (
				02E90DB02A0DEF6500706F80 /* Skripsi.app */,
				02E90DC52A0DEF6700706F80 /* SkripsiTests.xctest */,
				02E90DCF2A0DEF6700706F80 /* SkripsiUITests.xctest */,
			);
			name = Products;
			sourceTree = "<group>";
		};
		02E90DB22A0DEF6500706F80 /* Skripsi */ = {
			isa = PBXGroup;
			children = (
				02BB627C2A2263FE009408FB /* GoogleService-Info.plist */,
				02BB62862A29C739009408FB /* Admin */,
				026C87B22A1F33AE00B6E8B1 /* Welcome */,
				026C87AF2A1F312000B6E8B1 /* Register */,
				026C87AC2A1F30EA00B6E8B1 /* Login */,
				8E932EEB2A1E3D9500DCA67C /* ReusableComponent */,
				8E932EE82A1E3D5200DCA67C /* Profile */,
				8E4A738C2A1CB385009BB040 /* Search */,
				8E115FC82A1A6D500052C16A /* Models */,
				8E115FC32A1A57EA0052C16A /* Helper */,
				8E115FBD2A1A2C540052C16A /* Meal */,
				02E90DB32A0DEF6500706F80 /* SkripsiApp.swift */,
				02E90DB52A0DEF6500706F80 /* ContentView.swift */,
				02E90DB72A0DEF6700706F80 /* Assets.xcassets */,
				02E90DBC2A0DEF6700706F80 /* Persistence.swift */,
				02E90DBE2A0DEF6700706F80 /* Skripsi.xcdatamodeld */,
				02E90DB92A0DEF6700706F80 /* Preview Content */,
				8EDED53E2A1BBA1800DC8C6A /* MainTabConfig.swift */,
				8E68EE502A264785002FD8FB /* AuthManager.swift */,
			);
			path = Skripsi;
			sourceTree = "<group>";
		};
		02E90DB92A0DEF6700706F80 /* Preview Content */ = {
			isa = PBXGroup;
			children = (
				02E90DBA2A0DEF6700706F80 /* Preview Assets.xcassets */,
			);
			path = "Preview Content";
			sourceTree = "<group>";
		};
		02E90DC82A0DEF6700706F80 /* SkripsiTests */ = {
			isa = PBXGroup;
			children = (
				02E90DC92A0DEF6700706F80 /* SkripsiTests.swift */,
			);
			path = SkripsiTests;
			sourceTree = "<group>";
		};
		02E90DD22A0DEF6700706F80 /* SkripsiUITests */ = {
			isa = PBXGroup;
			children = (
				02E90DD32A0DEF6700706F80 /* SkripsiUITests.swift */,
				02E90DD52A0DEF6700706F80 /* SkripsiUITestsLaunchTests.swift */,
			);
			path = SkripsiUITests;
			sourceTree = "<group>";
		};
		8E115FBD2A1A2C540052C16A /* Meal */ = {
			isa = PBXGroup;
			children = (
				8E115FBE2A1A2C6D0052C16A /* MealTabItemView.swift */,
				8E115FC62A1A6CFE0052C16A /* MealTabItemViewModel.swift */,
				8E115FCE2A1BACE60052C16A /* SeeMoreMealCurrentView.swift */,
				8E4A73912A1D1F13009BB040 /* AutomatedOverlayView.swift */,
				8E4A73932A1D2A55009BB040 /* MealPlanItem.swift */,
				8E932EE02A1DAE7100DCA67C /* AutomatedOverlayMealPlanView.swift */,
				8E932EE22A1DB01500DCA67C /* MealItemView.swift */,
				8E932EE42A1DB2E300DCA67C /* AutomatedOverlayTimesView.swift */,
			);
			path = Meal;
			sourceTree = "<group>";
		};
		8E115FC32A1A57EA0052C16A /* Helper */ = {
			isa = PBXGroup;
			children = (
				8E115FC42A1A57F50052C16A /* Color.swift */,
			);
			path = Helper;
			sourceTree = "<group>";
		};
		8E115FC82A1A6D500052C16A /* Models */ = {
			isa = PBXGroup;
			children = (
				8E115FC92A1A6D5D0052C16A /* Meal.swift */,
				8E68EE522A264C54002FD8FB /* User.swift */,
			);
			path = Models;
			sourceTree = "<group>";
		};
		8E4A738C2A1CB385009BB040 /* Search */ = {
			isa = PBXGroup;
			children = (
				8E4A738D2A1CB39D009BB040 /* SearchTabItemView.swift */,
				8E4A738F2A1D146A009BB040 /* SearchTabItemViewModel.swift */,
			);
			path = Search;
			sourceTree = "<group>";
		};
		8E932EE82A1E3D5200DCA67C /* Profile */ = {
			isa = PBXGroup;
			children = (
				8E932EE92A1E3D6200DCA67C /* ProfileTabItemView.swift */,
			);
			path = Profile;
			sourceTree = "<group>";
		};
		8E932EEB2A1E3D9500DCA67C /* ReusableComponent */ = {
			isa = PBXGroup;
			children = (
				8E932EEC2A1E3DAB00DCA67C /* ButtonView.swift */,
			);
			path = ReusableComponent;
			sourceTree = "<group>";
		};
/* End PBXGroup section */

/* Begin PBXNativeTarget section */
		02E90DAF2A0DEF6500706F80 /* Skripsi */ = {
			isa = PBXNativeTarget;
			buildConfigurationList = 02E90DD92A0DEF6700706F80 /* Build configuration list for PBXNativeTarget "Skripsi" */;
			buildPhases = (
				02E90DAC2A0DEF6500706F80 /* Sources */,
				02E90DAD2A0DEF6500706F80 /* Frameworks */,
				02E90DAE2A0DEF6500706F80 /* Resources */,
			);
			buildRules = (
			);
			dependencies = (
			);
			name = Skripsi;
			packageProductDependencies = (
				02BB62402A21C1D7009408FB /* FirebaseAnalytics */,
				02BB62422A21C1D7009408FB /* FirebaseAnalyticsOnDeviceConversion */,
				02BB62442A21C1D7009408FB /* FirebaseAnalyticsSwift */,
				02BB62462A21C1D7009408FB /* FirebaseAnalyticsWithoutAdIdSupport */,
				02BB62482A21C1D7009408FB /* FirebaseAppCheck */,
				02BB624A2A21C1D7009408FB /* FirebaseAppDistribution-Beta */,
				02BB624C2A21C1D7009408FB /* FirebaseAuth */,
				02BB624E2A21C1D7009408FB /* FirebaseAuthCombine-Community */,
				02BB62502A21C1D7009408FB /* FirebaseCrashlytics */,
				02BB62522A21C1D7009408FB /* FirebaseDatabase */,
				02BB62542A21C1D7009408FB /* FirebaseDatabaseSwift */,
				02BB62562A21C1D7009408FB /* FirebaseDynamicLinks */,
				02BB62582A21C1D7009408FB /* FirebaseFirestore */,
				02BB625A2A21C1D7009408FB /* FirebaseFirestoreCombine-Community */,
				02BB625C2A21C1D7009408FB /* FirebaseFirestoreSwift */,
				02BB625E2A21C1D7009408FB /* FirebaseFunctions */,
				02BB62602A21C1D7009408FB /* FirebaseFunctionsCombine-Community */,
				02BB62622A21C1D7009408FB /* FirebaseInAppMessaging-Beta */,
				02BB62642A21C1D7009408FB /* FirebaseInAppMessagingSwift-Beta */,
				02BB62662A21C1D7009408FB /* FirebaseInstallations */,
				02BB62682A21C1D7009408FB /* FirebaseMLModelDownloader */,
				02BB626A2A21C1D7009408FB /* FirebaseMessaging */,
				02BB626C2A21C1D7009408FB /* FirebasePerformance */,
				02BB626E2A21C1D7009408FB /* FirebaseRemoteConfig */,
				02BB62702A21C1D7009408FB /* FirebaseRemoteConfigSwift */,
				02BB62722A21C1D7009408FB /* FirebaseStorage */,
				02BB62742A21C1D7009408FB /* FirebaseStorageCombine-Community */,
			);
			productName = Skripsi;
			productReference = 02E90DB02A0DEF6500706F80 /* Skripsi.app */;
			productType = "com.apple.product-type.application";
		};
		02E90DC42A0DEF6700706F80 /* SkripsiTests */ = {
			isa = PBXNativeTarget;
			buildConfigurationList = 02E90DDC2A0DEF6700706F80 /* Build configuration list for PBXNativeTarget "SkripsiTests" */;
			buildPhases = (
				02E90DC12A0DEF6700706F80 /* Sources */,
				02E90DC22A0DEF6700706F80 /* Frameworks */,
				02E90DC32A0DEF6700706F80 /* Resources */,
			);
			buildRules = (
			);
			dependencies = (
				02E90DC72A0DEF6700706F80 /* PBXTargetDependency */,
			);
			name = SkripsiTests;
			productName = SkripsiTests;
			productReference = 02E90DC52A0DEF6700706F80 /* SkripsiTests.xctest */;
			productType = "com.apple.product-type.bundle.unit-test";
		};
		02E90DCE2A0DEF6700706F80 /* SkripsiUITests */ = {
			isa = PBXNativeTarget;
			buildConfigurationList = 02E90DDF2A0DEF6700706F80 /* Build configuration list for PBXNativeTarget "SkripsiUITests" */;
			buildPhases = (
				02E90DCB2A0DEF6700706F80 /* Sources */,
				02E90DCC2A0DEF6700706F80 /* Frameworks */,
				02E90DCD2A0DEF6700706F80 /* Resources */,
			);
			buildRules = (
			);
			dependencies = (
				02E90DD12A0DEF6700706F80 /* PBXTargetDependency */,
			);
			name = SkripsiUITests;
			productName = SkripsiUITests;
			productReference = 02E90DCF2A0DEF6700706F80 /* SkripsiUITests.xctest */;
			productType = "com.apple.product-type.bundle.ui-testing";
		};
/* End PBXNativeTarget section */

/* Begin PBXProject section */
		02E90DA82A0DEF6500706F80 /* Project object */ = {
			isa = PBXProject;
			attributes = {
				BuildIndependentTargetsInParallel = 1;
				LastSwiftUpdateCheck = 1430;
				LastUpgradeCheck = 1430;
				TargetAttributes = {
					02E90DAF2A0DEF6500706F80 = {
						CreatedOnToolsVersion = 14.3;
					};
					02E90DC42A0DEF6700706F80 = {
						CreatedOnToolsVersion = 14.3;
						TestTargetID = 02E90DAF2A0DEF6500706F80;
					};
					02E90DCE2A0DEF6700706F80 = {
						CreatedOnToolsVersion = 14.3;
						TestTargetID = 02E90DAF2A0DEF6500706F80;
					};
				};
			};
			buildConfigurationList = 02E90DAB2A0DEF6500706F80 /* Build configuration list for PBXProject "Skripsi" */;
			compatibilityVersion = "Xcode 14.0";
			developmentRegion = en;
			hasScannedForEncodings = 0;
			knownRegions = (
				en,
				Base,
			);
			mainGroup = 02E90DA72A0DEF6500706F80;
			packageReferences = (
				02BB623F2A21C1D7009408FB /* XCRemoteSwiftPackageReference "firebase-ios-sdk" */,
			);
			productRefGroup = 02E90DB12A0DEF6500706F80 /* Products */;
			projectDirPath = "";
			projectRoot = "";
			targets = (
				02E90DAF2A0DEF6500706F80 /* Skripsi */,
				02E90DC42A0DEF6700706F80 /* SkripsiTests */,
				02E90DCE2A0DEF6700706F80 /* SkripsiUITests */,
			);
		};
/* End PBXProject section */

/* Begin PBXResourcesBuildPhase section */
		02E90DAE2A0DEF6500706F80 /* Resources */ = {
			isa = PBXResourcesBuildPhase;
			buildActionMask = 2147483647;
			files = (
				02E90DBB2A0DEF6700706F80 /* Preview Assets.xcassets in Resources */,
				02BB627D2A2263FE009408FB /* GoogleService-Info.plist in Resources */,
				02E90DB82A0DEF6700706F80 /* Assets.xcassets in Resources */,
			);
			runOnlyForDeploymentPostprocessing = 0;
		};
		02E90DC32A0DEF6700706F80 /* Resources */ = {
			isa = PBXResourcesBuildPhase;
			buildActionMask = 2147483647;
			files = (
			);
			runOnlyForDeploymentPostprocessing = 0;
		};
		02E90DCD2A0DEF6700706F80 /* Resources */ = {
			isa = PBXResourcesBuildPhase;
			buildActionMask = 2147483647;
			files = (
			);
			runOnlyForDeploymentPostprocessing = 0;
		};
/* End PBXResourcesBuildPhase section */

/* Begin PBXSourcesBuildPhase section */
		02E90DAC2A0DEF6500706F80 /* Sources */ = {
			isa = PBXSourcesBuildPhase;
			buildActionMask = 2147483647;
			files = (
				02E90DBD2A0DEF6700706F80 /* Persistence.swift in Sources */,
				8E4A73922A1D1F13009BB040 /* AutomatedOverlayView.swift in Sources */,
				8E115FC72A1A6CFE0052C16A /* MealTabItemViewModel.swift in Sources */,
				8E68EE512A264785002FD8FB /* AuthManager.swift in Sources */,
				026C87B12A1F312F00B6E8B1 /* RegisterView.swift in Sources */,
				8E68EE532A264C54002FD8FB /* User.swift in Sources */,
				8E4A738E2A1CB39D009BB040 /* SearchTabItemView.swift in Sources */,
				026C87B82A1F341500B6E8B1 /* WelcomeViewModel.swift in Sources */,
				8E4A73902A1D146A009BB040 /* SearchTabItemViewModel.swift in Sources */,
				02BB628A2A2F23E5009408FB /* ManageAccView.swift in Sources */,
				8E115FCF2A1BACE60052C16A /* SeeMoreMealCurrentView.swift in Sources */,
				8E932EE32A1DB01500DCA67C /* MealItemView.swift in Sources */,
				02E90DC02A0DEF6700706F80 /* Skripsi.xcdatamodeld in Sources */,
				4D7A8A842A542D4700A26299 /* DestinationView.swift in Sources */,
				02E90DB62A0DEF6500706F80 /* ContentView.swift in Sources */,
				8E115FCA2A1A6D5D0052C16A /* Meal.swift in Sources */,
				02E90DB42A0DEF6500706F80 /* SkripsiApp.swift in Sources */,
				02BB62832A25FA3C009408FB /* LoginViewModel.swift in Sources */,
				8E932EE52A1DB2E300DCA67C /* AutomatedOverlayTimesView.swift in Sources */,
				8E932EE12A1DAE7100DCA67C /* AutomatedOverlayMealPlanView.swift in Sources */,
				8E115FBF2A1A2C6D0052C16A /* MealTabItemView.swift in Sources */,
				026C87AE2A1F30FE00B6E8B1 /* LoginView.swift in Sources */,
				8EDED53F2A1BBA1800DC8C6A /* MainTabConfig.swift in Sources */,
				026C87B42A1F33B900B6E8B1 /* WelcomeView.swift in Sources */,
				02BB62852A29C731009408FB /* AdminView.swift in Sources */,
				02BB61C32A20A8BF009408FB /* RegisterViewModel.swift in Sources */,
				8E4A73942A1D2A55009BB040 /* MealPlanItem.swift in Sources */,
				8E932EED2A1E3DAB00DCA67C /* ButtonView.swift in Sources */,
				02BB628D2A360EE4009408FB /* ManageRecipeView.swift in Sources */,
				0272A59C2A537D6000D7C01D /* AdminAddRecipeView.swift in Sources */,
				8E115FC52A1A57F50052C16A /* Color.swift in Sources */,
				8E932EEA2A1E3D6200DCA67C /* ProfileTabItemView.swift in Sources */,
				02BB62882A29C862009408FB /* AdminViewModel.swift in Sources */,
			);
			runOnlyForDeploymentPostprocessing = 0;
		};
		02E90DC12A0DEF6700706F80 /* Sources */ = {
			isa = PBXSourcesBuildPhase;
			buildActionMask = 2147483647;
			files = (
				02E90DCA2A0DEF6700706F80 /* SkripsiTests.swift in Sources */,
			);
			runOnlyForDeploymentPostprocessing = 0;
		};
		02E90DCB2A0DEF6700706F80 /* Sources */ = {
			isa = PBXSourcesBuildPhase;
			buildActionMask = 2147483647;
			files = (
				02E90DD62A0DEF6700706F80 /* SkripsiUITestsLaunchTests.swift in Sources */,
				02E90DD42A0DEF6700706F80 /* SkripsiUITests.swift in Sources */,
			);
			runOnlyForDeploymentPostprocessing = 0;
		};
/* End PBXSourcesBuildPhase section */

/* Begin PBXTargetDependency section */
		02E90DC72A0DEF6700706F80 /* PBXTargetDependency */ = {
			isa = PBXTargetDependency;
			target = 02E90DAF2A0DEF6500706F80 /* Skripsi */;
			targetProxy = 02E90DC62A0DEF6700706F80 /* PBXContainerItemProxy */;
		};
		02E90DD12A0DEF6700706F80 /* PBXTargetDependency */ = {
			isa = PBXTargetDependency;
			target = 02E90DAF2A0DEF6500706F80 /* Skripsi */;
			targetProxy = 02E90DD02A0DEF6700706F80 /* PBXContainerItemProxy */;
		};
/* End PBXTargetDependency section */

/* Begin XCBuildConfiguration section */
		02E90DD72A0DEF6700706F80 /* Debug */ = {
			isa = XCBuildConfiguration;
			buildSettings = {
				ALWAYS_SEARCH_USER_PATHS = NO;
				CLANG_ANALYZER_NONNULL = YES;
				CLANG_ANALYZER_NUMBER_OBJECT_CONVERSION = YES_AGGRESSIVE;
				CLANG_CXX_LANGUAGE_STANDARD = "gnu++20";
				CLANG_ENABLE_MODULES = YES;
				CLANG_ENABLE_OBJC_ARC = YES;
				CLANG_ENABLE_OBJC_WEAK = YES;
				CLANG_WARN_BLOCK_CAPTURE_AUTORELEASING = YES;
				CLANG_WARN_BOOL_CONVERSION = YES;
				CLANG_WARN_COMMA = YES;
				CLANG_WARN_CONSTANT_CONVERSION = YES;
				CLANG_WARN_DEPRECATED_OBJC_IMPLEMENTATIONS = YES;
				CLANG_WARN_DIRECT_OBJC_ISA_USAGE = YES_ERROR;
				CLANG_WARN_DOCUMENTATION_COMMENTS = YES;
				CLANG_WARN_EMPTY_BODY = YES;
				CLANG_WARN_ENUM_CONVERSION = YES;
				CLANG_WARN_INFINITE_RECURSION = YES;
				CLANG_WARN_INT_CONVERSION = YES;
				CLANG_WARN_NON_LITERAL_NULL_CONVERSION = YES;
				CLANG_WARN_OBJC_IMPLICIT_RETAIN_SELF = YES;
				CLANG_WARN_OBJC_LITERAL_CONVERSION = YES;
				CLANG_WARN_OBJC_ROOT_CLASS = YES_ERROR;
				CLANG_WARN_QUOTED_INCLUDE_IN_FRAMEWORK_HEADER = YES;
				CLANG_WARN_RANGE_LOOP_ANALYSIS = YES;
				CLANG_WARN_STRICT_PROTOTYPES = YES;
				CLANG_WARN_SUSPICIOUS_MOVE = YES;
				CLANG_WARN_UNGUARDED_AVAILABILITY = YES_AGGRESSIVE;
				CLANG_WARN_UNREACHABLE_CODE = YES;
				CLANG_WARN__DUPLICATE_METHOD_MATCH = YES;
				COPY_PHASE_STRIP = NO;
				DEBUG_INFORMATION_FORMAT = dwarf;
				ENABLE_STRICT_OBJC_MSGSEND = YES;
				ENABLE_TESTABILITY = YES;
				GCC_C_LANGUAGE_STANDARD = gnu11;
				GCC_DYNAMIC_NO_PIC = NO;
				GCC_NO_COMMON_BLOCKS = YES;
				GCC_OPTIMIZATION_LEVEL = 0;
				GCC_PREPROCESSOR_DEFINITIONS = (
					"DEBUG=1",
					"$(inherited)",
				);
				GCC_WARN_64_TO_32_BIT_CONVERSION = YES;
				GCC_WARN_ABOUT_RETURN_TYPE = YES_ERROR;
				GCC_WARN_UNDECLARED_SELECTOR = YES;
				GCC_WARN_UNINITIALIZED_AUTOS = YES_AGGRESSIVE;
				GCC_WARN_UNUSED_FUNCTION = YES;
				GCC_WARN_UNUSED_VARIABLE = YES;
				IPHONEOS_DEPLOYMENT_TARGET = 16.4;
				MTL_ENABLE_DEBUG_INFO = INCLUDE_SOURCE;
				MTL_FAST_MATH = YES;
				ONLY_ACTIVE_ARCH = YES;
				SDKROOT = iphoneos;
				SWIFT_ACTIVE_COMPILATION_CONDITIONS = DEBUG;
				SWIFT_OPTIMIZATION_LEVEL = "-Onone";
			};
			name = Debug;
		};
		02E90DD82A0DEF6700706F80 /* Release */ = {
			isa = XCBuildConfiguration;
			buildSettings = {
				ALWAYS_SEARCH_USER_PATHS = NO;
				CLANG_ANALYZER_NONNULL = YES;
				CLANG_ANALYZER_NUMBER_OBJECT_CONVERSION = YES_AGGRESSIVE;
				CLANG_CXX_LANGUAGE_STANDARD = "gnu++20";
				CLANG_ENABLE_MODULES = YES;
				CLANG_ENABLE_OBJC_ARC = YES;
				CLANG_ENABLE_OBJC_WEAK = YES;
				CLANG_WARN_BLOCK_CAPTURE_AUTORELEASING = YES;
				CLANG_WARN_BOOL_CONVERSION = YES;
				CLANG_WARN_COMMA = YES;
				CLANG_WARN_CONSTANT_CONVERSION = YES;
				CLANG_WARN_DEPRECATED_OBJC_IMPLEMENTATIONS = YES;
				CLANG_WARN_DIRECT_OBJC_ISA_USAGE = YES_ERROR;
				CLANG_WARN_DOCUMENTATION_COMMENTS = YES;
				CLANG_WARN_EMPTY_BODY = YES;
				CLANG_WARN_ENUM_CONVERSION = YES;
				CLANG_WARN_INFINITE_RECURSION = YES;
				CLANG_WARN_INT_CONVERSION = YES;
				CLANG_WARN_NON_LITERAL_NULL_CONVERSION = YES;
				CLANG_WARN_OBJC_IMPLICIT_RETAIN_SELF = YES;
				CLANG_WARN_OBJC_LITERAL_CONVERSION = YES;
				CLANG_WARN_OBJC_ROOT_CLASS = YES_ERROR;
				CLANG_WARN_QUOTED_INCLUDE_IN_FRAMEWORK_HEADER = YES;
				CLANG_WARN_RANGE_LOOP_ANALYSIS = YES;
				CLANG_WARN_STRICT_PROTOTYPES = YES;
				CLANG_WARN_SUSPICIOUS_MOVE = YES;
				CLANG_WARN_UNGUARDED_AVAILABILITY = YES_AGGRESSIVE;
				CLANG_WARN_UNREACHABLE_CODE = YES;
				CLANG_WARN__DUPLICATE_METHOD_MATCH = YES;
				COPY_PHASE_STRIP = NO;
				DEBUG_INFORMATION_FORMAT = "dwarf-with-dsym";
				ENABLE_NS_ASSERTIONS = NO;
				ENABLE_STRICT_OBJC_MSGSEND = YES;
				GCC_C_LANGUAGE_STANDARD = gnu11;
				GCC_NO_COMMON_BLOCKS = YES;
				GCC_WARN_64_TO_32_BIT_CONVERSION = YES;
				GCC_WARN_ABOUT_RETURN_TYPE = YES_ERROR;
				GCC_WARN_UNDECLARED_SELECTOR = YES;
				GCC_WARN_UNINITIALIZED_AUTOS = YES_AGGRESSIVE;
				GCC_WARN_UNUSED_FUNCTION = YES;
				GCC_WARN_UNUSED_VARIABLE = YES;
				IPHONEOS_DEPLOYMENT_TARGET = 16.4;
				MTL_ENABLE_DEBUG_INFO = NO;
				MTL_FAST_MATH = YES;
				SDKROOT = iphoneos;
				SWIFT_COMPILATION_MODE = wholemodule;
				SWIFT_OPTIMIZATION_LEVEL = "-O";
				VALIDATE_PRODUCT = YES;
			};
			name = Release;
		};
		02E90DDA2A0DEF6700706F80 /* Debug */ = {
			isa = XCBuildConfiguration;
			buildSettings = {
				ASSETCATALOG_COMPILER_APPICON_NAME = AppIcon;
				ASSETCATALOG_COMPILER_GLOBAL_ACCENT_COLOR_NAME = AccentColor;
				CODE_SIGN_STYLE = Automatic;
				CURRENT_PROJECT_VERSION = 1;
				DEVELOPMENT_ASSET_PATHS = "\"Skripsi/Preview Content\"";
				DEVELOPMENT_TEAM = ACV2U485KM;
				ENABLE_PREVIEWS = YES;
				GENERATE_INFOPLIST_FILE = YES;
				INFOPLIST_KEY_UIApplicationSceneManifest_Generation = YES;
				INFOPLIST_KEY_UIApplicationSupportsIndirectInputEvents = YES;
				INFOPLIST_KEY_UILaunchScreen_Generation = YES;
				INFOPLIST_KEY_UISupportedInterfaceOrientations_iPad = "UIInterfaceOrientationPortrait UIInterfaceOrientationPortraitUpsideDown UIInterfaceOrientationLandscapeLeft UIInterfaceOrientationLandscapeRight";
				INFOPLIST_KEY_UISupportedInterfaceOrientations_iPhone = "UIInterfaceOrientationPortrait UIInterfaceOrientationLandscapeLeft UIInterfaceOrientationLandscapeRight";
				LD_RUNPATH_SEARCH_PATHS = (
					"$(inherited)",
					"@executable_path/Frameworks",
				);
				MARKETING_VERSION = 1.0;
				PRODUCT_BUNDLE_IDENTIFIER = com.Aria.Skripsi;
				PRODUCT_NAME = "$(TARGET_NAME)";
				SWIFT_EMIT_LOC_STRINGS = YES;
				SWIFT_VERSION = 5.0;
				TARGETED_DEVICE_FAMILY = "1,2";
			};
			name = Debug;
		};
		02E90DDB2A0DEF6700706F80 /* Release */ = {
			isa = XCBuildConfiguration;
			buildSettings = {
				ASSETCATALOG_COMPILER_APPICON_NAME = AppIcon;
				ASSETCATALOG_COMPILER_GLOBAL_ACCENT_COLOR_NAME = AccentColor;
				CODE_SIGN_STYLE = Automatic;
				CURRENT_PROJECT_VERSION = 1;
				DEVELOPMENT_ASSET_PATHS = "\"Skripsi/Preview Content\"";
				DEVELOPMENT_TEAM = ACV2U485KM;
				ENABLE_PREVIEWS = YES;
				GENERATE_INFOPLIST_FILE = YES;
				INFOPLIST_KEY_UIApplicationSceneManifest_Generation = YES;
				INFOPLIST_KEY_UIApplicationSupportsIndirectInputEvents = YES;
				INFOPLIST_KEY_UILaunchScreen_Generation = YES;
				INFOPLIST_KEY_UISupportedInterfaceOrientations_iPad = "UIInterfaceOrientationPortrait UIInterfaceOrientationPortraitUpsideDown UIInterfaceOrientationLandscapeLeft UIInterfaceOrientationLandscapeRight";
				INFOPLIST_KEY_UISupportedInterfaceOrientations_iPhone = "UIInterfaceOrientationPortrait UIInterfaceOrientationLandscapeLeft UIInterfaceOrientationLandscapeRight";
				LD_RUNPATH_SEARCH_PATHS = (
					"$(inherited)",
					"@executable_path/Frameworks",
				);
				MARKETING_VERSION = 1.0;
				PRODUCT_BUNDLE_IDENTIFIER = com.Aria.Skripsi;
				PRODUCT_NAME = "$(TARGET_NAME)";
				SWIFT_EMIT_LOC_STRINGS = YES;
				SWIFT_VERSION = 5.0;
				TARGETED_DEVICE_FAMILY = "1,2";
			};
			name = Release;
		};
		02E90DDD2A0DEF6700706F80 /* Debug */ = {
			isa = XCBuildConfiguration;
			buildSettings = {
				ALWAYS_EMBED_SWIFT_STANDARD_LIBRARIES = YES;
				BUNDLE_LOADER = "$(TEST_HOST)";
				CODE_SIGN_STYLE = Automatic;
				CURRENT_PROJECT_VERSION = 1;
				DEVELOPMENT_TEAM = ACV2U485KM;
				GENERATE_INFOPLIST_FILE = YES;
				IPHONEOS_DEPLOYMENT_TARGET = 16.4;
				MARKETING_VERSION = 1.0;
				PRODUCT_BUNDLE_IDENTIFIER = com.Aria.SkripsiTests;
				PRODUCT_NAME = "$(TARGET_NAME)";
				SWIFT_EMIT_LOC_STRINGS = NO;
				SWIFT_VERSION = 5.0;
				TARGETED_DEVICE_FAMILY = "1,2";
				TEST_HOST = "$(BUILT_PRODUCTS_DIR)/Skripsi.app/$(BUNDLE_EXECUTABLE_FOLDER_PATH)/Skripsi";
			};
			name = Debug;
		};
		02E90DDE2A0DEF6700706F80 /* Release */ = {
			isa = XCBuildConfiguration;
			buildSettings = {
				ALWAYS_EMBED_SWIFT_STANDARD_LIBRARIES = YES;
				BUNDLE_LOADER = "$(TEST_HOST)";
				CODE_SIGN_STYLE = Automatic;
				CURRENT_PROJECT_VERSION = 1;
				DEVELOPMENT_TEAM = ACV2U485KM;
				GENERATE_INFOPLIST_FILE = YES;
				IPHONEOS_DEPLOYMENT_TARGET = 16.4;
				MARKETING_VERSION = 1.0;
				PRODUCT_BUNDLE_IDENTIFIER = com.Aria.SkripsiTests;
				PRODUCT_NAME = "$(TARGET_NAME)";
				SWIFT_EMIT_LOC_STRINGS = NO;
				SWIFT_VERSION = 5.0;
				TARGETED_DEVICE_FAMILY = "1,2";
				TEST_HOST = "$(BUILT_PRODUCTS_DIR)/Skripsi.app/$(BUNDLE_EXECUTABLE_FOLDER_PATH)/Skripsi";
			};
			name = Release;
		};
		02E90DE02A0DEF6700706F80 /* Debug */ = {
			isa = XCBuildConfiguration;
			buildSettings = {
				ALWAYS_EMBED_SWIFT_STANDARD_LIBRARIES = YES;
				CODE_SIGN_STYLE = Automatic;
				CURRENT_PROJECT_VERSION = 1;
				DEVELOPMENT_TEAM = ACV2U485KM;
				GENERATE_INFOPLIST_FILE = YES;
				MARKETING_VERSION = 1.0;
				PRODUCT_BUNDLE_IDENTIFIER = com.Aria.SkripsiUITests;
				PRODUCT_NAME = "$(TARGET_NAME)";
				SWIFT_EMIT_LOC_STRINGS = NO;
				SWIFT_VERSION = 5.0;
				TARGETED_DEVICE_FAMILY = "1,2";
				TEST_TARGET_NAME = Skripsi;
			};
			name = Debug;
		};
		02E90DE12A0DEF6700706F80 /* Release */ = {
			isa = XCBuildConfiguration;
			buildSettings = {
				ALWAYS_EMBED_SWIFT_STANDARD_LIBRARIES = YES;
				CODE_SIGN_STYLE = Automatic;
				CURRENT_PROJECT_VERSION = 1;
				DEVELOPMENT_TEAM = ACV2U485KM;
				GENERATE_INFOPLIST_FILE = YES;
				MARKETING_VERSION = 1.0;
				PRODUCT_BUNDLE_IDENTIFIER = com.Aria.SkripsiUITests;
				PRODUCT_NAME = "$(TARGET_NAME)";
				SWIFT_EMIT_LOC_STRINGS = NO;
				SWIFT_VERSION = 5.0;
				TARGETED_DEVICE_FAMILY = "1,2";
				TEST_TARGET_NAME = Skripsi;
			};
			name = Release;
		};
/* End XCBuildConfiguration section */

/* Begin XCConfigurationList section */
		02E90DAB2A0DEF6500706F80 /* Build configuration list for PBXProject "Skripsi" */ = {
			isa = XCConfigurationList;
			buildConfigurations = (
				02E90DD72A0DEF6700706F80 /* Debug */,
				02E90DD82A0DEF6700706F80 /* Release */,
			);
			defaultConfigurationIsVisible = 0;
			defaultConfigurationName = Release;
		};
		02E90DD92A0DEF6700706F80 /* Build configuration list for PBXNativeTarget "Skripsi" */ = {
			isa = XCConfigurationList;
			buildConfigurations = (
				02E90DDA2A0DEF6700706F80 /* Debug */,
				02E90DDB2A0DEF6700706F80 /* Release */,
			);
			defaultConfigurationIsVisible = 0;
			defaultConfigurationName = Release;
		};
		02E90DDC2A0DEF6700706F80 /* Build configuration list for PBXNativeTarget "SkripsiTests" */ = {
			isa = XCConfigurationList;
			buildConfigurations = (
				02E90DDD2A0DEF6700706F80 /* Debug */,
				02E90DDE2A0DEF6700706F80 /* Release */,
			);
			defaultConfigurationIsVisible = 0;
			defaultConfigurationName = Release;
		};
		02E90DDF2A0DEF6700706F80 /* Build configuration list for PBXNativeTarget "SkripsiUITests" */ = {
			isa = XCConfigurationList;
			buildConfigurations = (
				02E90DE02A0DEF6700706F80 /* Debug */,
				02E90DE12A0DEF6700706F80 /* Release */,
			);
			defaultConfigurationIsVisible = 0;
			defaultConfigurationName = Release;
		};
/* End XCConfigurationList section */

/* Begin XCRemoteSwiftPackageReference section */
		02BB623F2A21C1D7009408FB /* XCRemoteSwiftPackageReference "firebase-ios-sdk" */ = {
			isa = XCRemoteSwiftPackageReference;
			repositoryURL = "https://github.com/firebase/firebase-ios-sdk";
			requirement = {
				kind = upToNextMajorVersion;
				minimumVersion = 10.0.0;
			};
		};
/* End XCRemoteSwiftPackageReference section */

/* Begin XCSwiftPackageProductDependency section */
		02BB62402A21C1D7009408FB /* FirebaseAnalytics */ = {
			isa = XCSwiftPackageProductDependency;
			package = 02BB623F2A21C1D7009408FB /* XCRemoteSwiftPackageReference "firebase-ios-sdk" */;
			productName = FirebaseAnalytics;
		};
		02BB62422A21C1D7009408FB /* FirebaseAnalyticsOnDeviceConversion */ = {
			isa = XCSwiftPackageProductDependency;
			package = 02BB623F2A21C1D7009408FB /* XCRemoteSwiftPackageReference "firebase-ios-sdk" */;
			productName = FirebaseAnalyticsOnDeviceConversion;
		};
		02BB62442A21C1D7009408FB /* FirebaseAnalyticsSwift */ = {
			isa = XCSwiftPackageProductDependency;
			package = 02BB623F2A21C1D7009408FB /* XCRemoteSwiftPackageReference "firebase-ios-sdk" */;
			productName = FirebaseAnalyticsSwift;
		};
		02BB62462A21C1D7009408FB /* FirebaseAnalyticsWithoutAdIdSupport */ = {
			isa = XCSwiftPackageProductDependency;
			package = 02BB623F2A21C1D7009408FB /* XCRemoteSwiftPackageReference "firebase-ios-sdk" */;
			productName = FirebaseAnalyticsWithoutAdIdSupport;
		};
		02BB62482A21C1D7009408FB /* FirebaseAppCheck */ = {
			isa = XCSwiftPackageProductDependency;
			package = 02BB623F2A21C1D7009408FB /* XCRemoteSwiftPackageReference "firebase-ios-sdk" */;
			productName = FirebaseAppCheck;
		};
		02BB624A2A21C1D7009408FB /* FirebaseAppDistribution-Beta */ = {
			isa = XCSwiftPackageProductDependency;
			package = 02BB623F2A21C1D7009408FB /* XCRemoteSwiftPackageReference "firebase-ios-sdk" */;
			productName = "FirebaseAppDistribution-Beta";
		};
		02BB624C2A21C1D7009408FB /* FirebaseAuth */ = {
			isa = XCSwiftPackageProductDependency;
			package = 02BB623F2A21C1D7009408FB /* XCRemoteSwiftPackageReference "firebase-ios-sdk" */;
			productName = FirebaseAuth;
		};
		02BB624E2A21C1D7009408FB /* FirebaseAuthCombine-Community */ = {
			isa = XCSwiftPackageProductDependency;
			package = 02BB623F2A21C1D7009408FB /* XCRemoteSwiftPackageReference "firebase-ios-sdk" */;
			productName = "FirebaseAuthCombine-Community";
		};
		02BB62502A21C1D7009408FB /* FirebaseCrashlytics */ = {
			isa = XCSwiftPackageProductDependency;
			package = 02BB623F2A21C1D7009408FB /* XCRemoteSwiftPackageReference "firebase-ios-sdk" */;
			productName = FirebaseCrashlytics;
		};
		02BB62522A21C1D7009408FB /* FirebaseDatabase */ = {
			isa = XCSwiftPackageProductDependency;
			package = 02BB623F2A21C1D7009408FB /* XCRemoteSwiftPackageReference "firebase-ios-sdk" */;
			productName = FirebaseDatabase;
		};
		02BB62542A21C1D7009408FB /* FirebaseDatabaseSwift */ = {
			isa = XCSwiftPackageProductDependency;
			package = 02BB623F2A21C1D7009408FB /* XCRemoteSwiftPackageReference "firebase-ios-sdk" */;
			productName = FirebaseDatabaseSwift;
		};
		02BB62562A21C1D7009408FB /* FirebaseDynamicLinks */ = {
			isa = XCSwiftPackageProductDependency;
			package = 02BB623F2A21C1D7009408FB /* XCRemoteSwiftPackageReference "firebase-ios-sdk" */;
			productName = FirebaseDynamicLinks;
		};
		02BB62582A21C1D7009408FB /* FirebaseFirestore */ = {
			isa = XCSwiftPackageProductDependency;
			package = 02BB623F2A21C1D7009408FB /* XCRemoteSwiftPackageReference "firebase-ios-sdk" */;
			productName = FirebaseFirestore;
		};
		02BB625A2A21C1D7009408FB /* FirebaseFirestoreCombine-Community */ = {
			isa = XCSwiftPackageProductDependency;
			package = 02BB623F2A21C1D7009408FB /* XCRemoteSwiftPackageReference "firebase-ios-sdk" */;
			productName = "FirebaseFirestoreCombine-Community";
		};
		02BB625C2A21C1D7009408FB /* FirebaseFirestoreSwift */ = {
			isa = XCSwiftPackageProductDependency;
			package = 02BB623F2A21C1D7009408FB /* XCRemoteSwiftPackageReference "firebase-ios-sdk" */;
			productName = FirebaseFirestoreSwift;
		};
		02BB625E2A21C1D7009408FB /* FirebaseFunctions */ = {
			isa = XCSwiftPackageProductDependency;
			package = 02BB623F2A21C1D7009408FB /* XCRemoteSwiftPackageReference "firebase-ios-sdk" */;
			productName = FirebaseFunctions;
		};
		02BB62602A21C1D7009408FB /* FirebaseFunctionsCombine-Community */ = {
			isa = XCSwiftPackageProductDependency;
			package = 02BB623F2A21C1D7009408FB /* XCRemoteSwiftPackageReference "firebase-ios-sdk" */;
			productName = "FirebaseFunctionsCombine-Community";
		};
		02BB62622A21C1D7009408FB /* FirebaseInAppMessaging-Beta */ = {
			isa = XCSwiftPackageProductDependency;
			package = 02BB623F2A21C1D7009408FB /* XCRemoteSwiftPackageReference "firebase-ios-sdk" */;
			productName = "FirebaseInAppMessaging-Beta";
		};
		02BB62642A21C1D7009408FB /* FirebaseInAppMessagingSwift-Beta */ = {
			isa = XCSwiftPackageProductDependency;
			package = 02BB623F2A21C1D7009408FB /* XCRemoteSwiftPackageReference "firebase-ios-sdk" */;
			productName = "FirebaseInAppMessagingSwift-Beta";
		};
		02BB62662A21C1D7009408FB /* FirebaseInstallations */ = {
			isa = XCSwiftPackageProductDependency;
			package = 02BB623F2A21C1D7009408FB /* XCRemoteSwiftPackageReference "firebase-ios-sdk" */;
			productName = FirebaseInstallations;
		};
		02BB62682A21C1D7009408FB /* FirebaseMLModelDownloader */ = {
			isa = XCSwiftPackageProductDependency;
			package = 02BB623F2A21C1D7009408FB /* XCRemoteSwiftPackageReference "firebase-ios-sdk" */;
			productName = FirebaseMLModelDownloader;
		};
		02BB626A2A21C1D7009408FB /* FirebaseMessaging */ = {
			isa = XCSwiftPackageProductDependency;
			package = 02BB623F2A21C1D7009408FB /* XCRemoteSwiftPackageReference "firebase-ios-sdk" */;
			productName = FirebaseMessaging;
		};
		02BB626C2A21C1D7009408FB /* FirebasePerformance */ = {
			isa = XCSwiftPackageProductDependency;
			package = 02BB623F2A21C1D7009408FB /* XCRemoteSwiftPackageReference "firebase-ios-sdk" */;
			productName = FirebasePerformance;
		};
		02BB626E2A21C1D7009408FB /* FirebaseRemoteConfig */ = {
			isa = XCSwiftPackageProductDependency;
			package = 02BB623F2A21C1D7009408FB /* XCRemoteSwiftPackageReference "firebase-ios-sdk" */;
			productName = FirebaseRemoteConfig;
		};
		02BB62702A21C1D7009408FB /* FirebaseRemoteConfigSwift */ = {
			isa = XCSwiftPackageProductDependency;
			package = 02BB623F2A21C1D7009408FB /* XCRemoteSwiftPackageReference "firebase-ios-sdk" */;
			productName = FirebaseRemoteConfigSwift;
		};
		02BB62722A21C1D7009408FB /* FirebaseStorage */ = {
			isa = XCSwiftPackageProductDependency;
			package = 02BB623F2A21C1D7009408FB /* XCRemoteSwiftPackageReference "firebase-ios-sdk" */;
			productName = FirebaseStorage;
		};
		02BB62742A21C1D7009408FB /* FirebaseStorageCombine-Community */ = {
			isa = XCSwiftPackageProductDependency;
			package = 02BB623F2A21C1D7009408FB /* XCRemoteSwiftPackageReference "firebase-ios-sdk" */;
			productName = "FirebaseStorageCombine-Community";
		};
/* End XCSwiftPackageProductDependency section */

/* Begin XCVersionGroup section */
		02E90DBE2A0DEF6700706F80 /* Skripsi.xcdatamodeld */ = {
			isa = XCVersionGroup;
			children = (
				02E90DBF2A0DEF6700706F80 /* Skripsi.xcdatamodel */,
			);
			currentVersion = 02E90DBF2A0DEF6700706F80 /* Skripsi.xcdatamodel */;
			path = Skripsi.xcdatamodeld;
			sourceTree = "<group>";
			versionGroupType = wrapper.xcdatamodel;
		};
/* End XCVersionGroup section */
	};
	rootObject = 02E90DA82A0DEF6500706F80 /* Project object */;
}
