// !$*UTF8*$!
{
	archiveVersion = 1;
	classes = {
	};
	objectVersion = 56;
	objects = {

/* Begin PBXBuildFile section */
		02E90DB42A0DEF6500706F80 /* SkripsiApp.swift in Sources */ = {isa = PBXBuildFile; fileRef = 02E90DB32A0DEF6500706F80 /* SkripsiApp.swift */; };
		02E90DB62A0DEF6500706F80 /* ContentView.swift in Sources */ = {isa = PBXBuildFile; fileRef = 02E90DB52A0DEF6500706F80 /* ContentView.swift */; };
		02E90DB82A0DEF6700706F80 /* Assets.xcassets in Resources */ = {isa = PBXBuildFile; fileRef = 02E90DB72A0DEF6700706F80 /* Assets.xcassets */; };
		02E90DBB2A0DEF6700706F80 /* Preview Assets.xcassets in Resources */ = {isa = PBXBuildFile; fileRef = 02E90DBA2A0DEF6700706F80 /* Preview Assets.xcassets */; };
		02E90DBD2A0DEF6700706F80 /* Persistence.swift in Sources */ = {isa = PBXBuildFile; fileRef = 02E90DBC2A0DEF6700706F80 /* Persistence.swift */; };
		02E90DC02A0DEF6700706F80 /* Skripsi.xcdatamodeld in Sources */ = {isa = PBXBuildFile; fileRef = 02E90DBE2A0DEF6700706F80 /* Skripsi.xcdatamodeld */; };
		02E90DCA2A0DEF6700706F80 /* SkripsiTests.swift in Sources */ = {isa = PBXBuildFile; fileRef = 02E90DC92A0DEF6700706F80 /* SkripsiTests.swift */; };
		02E90DD42A0DEF6700706F80 /* SkripsiUITests.swift in Sources */ = {isa = PBXBuildFile; fileRef = 02E90DD32A0DEF6700706F80 /* SkripsiUITests.swift */; };
		02E90DD62A0DEF6700706F80 /* SkripsiUITestsLaunchTests.swift in Sources */ = {isa = PBXBuildFile; fileRef = 02E90DD52A0DEF6700706F80 /* SkripsiUITestsLaunchTests.swift */; };
		8E110B132A1CAA1600411ED9 /* ProfileTabView.swift in Sources */ = {isa = PBXBuildFile; fileRef = 8E110B122A1CAA1600411ED9 /* ProfileTabView.swift */; };
		8E115FBF2A1A2C6D0052C16A /* MealTabItemView.swift in Sources */ = {isa = PBXBuildFile; fileRef = 8E115FBE2A1A2C6D0052C16A /* MealTabItemView.swift */; };
		8E115FC52A1A57F50052C16A /* Color.swift in Sources */ = {isa = PBXBuildFile; fileRef = 8E115FC42A1A57F50052C16A /* Color.swift */; };
		8E115FC72A1A6CFE0052C16A /* MealTabItemViewModel.swift in Sources */ = {isa = PBXBuildFile; fileRef = 8E115FC62A1A6CFE0052C16A /* MealTabItemViewModel.swift */; };
		8E115FCA2A1A6D5D0052C16A /* Meal.swift in Sources */ = {isa = PBXBuildFile; fileRef = 8E115FC92A1A6D5D0052C16A /* Meal.swift */; };
		8E115FCF2A1BACE60052C16A /* SeeMoreMealCurrentView.swift in Sources */ = {isa = PBXBuildFile; fileRef = 8E115FCE2A1BACE60052C16A /* SeeMoreMealCurrentView.swift */; };
		8E4A738B2A1CAEB2009BB040 /* ButtonView.swift in Sources */ = {isa = PBXBuildFile; fileRef = 8E4A738A2A1CAEB2009BB040 /* ButtonView.swift */; };
		8EDED53F2A1BBA1800DC8C6A /* MainTabConfig.swift in Sources */ = {isa = PBXBuildFile; fileRef = 8EDED53E2A1BBA1800DC8C6A /* MainTabConfig.swift */; };
/* End PBXBuildFile section */

/* Begin PBXContainerItemProxy section */
		02E90DC62A0DEF6700706F80 /* PBXContainerItemProxy */ = {
			isa = PBXContainerItemProxy;
			containerPortal = 02E90DA82A0DEF6500706F80 /* Project object */;
			proxyType = 1;
			remoteGlobalIDString = 02E90DAF2A0DEF6500706F80;
			remoteInfo = Skripsi;
		};
		02E90DD02A0DEF6700706F80 /* PBXContainerItemProxy */ = {
			isa = PBXContainerItemProxy;
			containerPortal = 02E90DA82A0DEF6500706F80 /* Project object */;
			proxyType = 1;
			remoteGlobalIDString = 02E90DAF2A0DEF6500706F80;
			remoteInfo = Skripsi;
		};
/* End PBXContainerItemProxy section */

/* Begin PBXFileReference section */
		02E90DB02A0DEF6500706F80 /* Skripsi.app */ = {isa = PBXFileReference; explicitFileType = wrapper.application; includeInIndex = 0; path = Skripsi.app; sourceTree = BUILT_PRODUCTS_DIR; };
		02E90DB32A0DEF6500706F80 /* SkripsiApp.swift */ = {isa = PBXFileReference; lastKnownFileType = sourcecode.swift; path = SkripsiApp.swift; sourceTree = "<group>"; };
		02E90DB52A0DEF6500706F80 /* ContentView.swift */ = {isa = PBXFileReference; lastKnownFileType = sourcecode.swift; path = ContentView.swift; sourceTree = "<group>"; };
		02E90DB72A0DEF6700706F80 /* Assets.xcassets */ = {isa = PBXFileReference; lastKnownFileType = folder.assetcatalog; path = Assets.xcassets; sourceTree = "<group>"; };
		02E90DBA2A0DEF6700706F80 /* Preview Assets.xcassets */ = {isa = PBXFileReference; lastKnownFileType = folder.assetcatalog; path = "Preview Assets.xcassets"; sourceTree = "<group>"; };
		02E90DBC2A0DEF6700706F80 /* Persistence.swift */ = {isa = PBXFileReference; lastKnownFileType = sourcecode.swift; path = Persistence.swift; sourceTree = "<group>"; };
		02E90DBF2A0DEF6700706F80 /* Skripsi.xcdatamodel */ = {isa = PBXFileReference; lastKnownFileType = wrapper.xcdatamodel; path = Skripsi.xcdatamodel; sourceTree = "<group>"; };
		02E90DC52A0DEF6700706F80 /* SkripsiTests.xctest */ = {isa = PBXFileReference; explicitFileType = wrapper.cfbundle; includeInIndex = 0; path = SkripsiTests.xctest; sourceTree = BUILT_PRODUCTS_DIR; };
		02E90DC92A0DEF6700706F80 /* SkripsiTests.swift */ = {isa = PBXFileReference; lastKnownFileType = sourcecode.swift; path = SkripsiTests.swift; sourceTree = "<group>"; };
		02E90DCF2A0DEF6700706F80 /* SkripsiUITests.xctest */ = {isa = PBXFileReference; explicitFileType = wrapper.cfbundle; includeInIndex = 0; path = SkripsiUITests.xctest; sourceTree = BUILT_PRODUCTS_DIR; };
		02E90DD32A0DEF6700706F80 /* SkripsiUITests.swift */ = {isa = PBXFileReference; lastKnownFileType = sourcecode.swift; path = SkripsiUITests.swift; sourceTree = "<group>"; };
		02E90DD52A0DEF6700706F80 /* SkripsiUITestsLaunchTests.swift */ = {isa = PBXFileReference; lastKnownFileType = sourcecode.swift; path = SkripsiUITestsLaunchTests.swift; sourceTree = "<group>"; };
		8E110B122A1CAA1600411ED9 /* ProfileTabView.swift */ = {isa = PBXFileReference; lastKnownFileType = sourcecode.swift; path = ProfileTabView.swift; sourceTree = "<group>"; };
		8E115FBE2A1A2C6D0052C16A /* MealTabItemView.swift */ = {isa = PBXFileReference; lastKnownFileType = sourcecode.swift; path = MealTabItemView.swift; sourceTree = "<group>"; };
		8E115FC42A1A57F50052C16A /* Color.swift */ = {isa = PBXFileReference; lastKnownFileType = sourcecode.swift; name = Color.swift; path = Skripsi/Color.swift; sourceTree = SOURCE_ROOT; };
		8E115FC62A1A6CFE0052C16A /* MealTabItemViewModel.swift */ = {isa = PBXFileReference; lastKnownFileType = sourcecode.swift; path = MealTabItemViewModel.swift; sourceTree = "<group>"; };
		8E115FC92A1A6D5D0052C16A /* Meal.swift */ = {isa = PBXFileReference; lastKnownFileType = sourcecode.swift; path = Meal.swift; sourceTree = "<group>"; };
		8E115FCE2A1BACE60052C16A /* SeeMoreMealCurrentView.swift */ = {isa = PBXFileReference; lastKnownFileType = sourcecode.swift; path = SeeMoreMealCurrentView.swift; sourceTree = "<group>"; };
		8E4A738A2A1CAEB2009BB040 /* ButtonView.swift */ = {isa = PBXFileReference; lastKnownFileType = sourcecode.swift; path = ButtonView.swift; sourceTree = "<group>"; };
		8EDED53E2A1BBA1800DC8C6A /* MainTabConfig.swift */ = {isa = PBXFileReference; lastKnownFileType = sourcecode.swift; path = MainTabConfig.swift; sourceTree = "<group>"; };
/* End PBXFileReference section */

/* Begin PBXFrameworksBuildPhase section */
		02E90DAD2A0DEF6500706F80 /* Frameworks */ = {
			isa = PBXFrameworksBuildPhase;
			buildActionMask = 2147483647;
			files = (
			);
			runOnlyForDeploymentPostprocessing = 0;
		};
		02E90DC22A0DEF6700706F80 /* Frameworks */ = {
			isa = PBXFrameworksBuildPhase;
			buildActionMask = 2147483647;
			files = (
			);
			runOnlyForDeploymentPostprocessing = 0;
		};
		02E90DCC2A0DEF6700706F80 /* Frameworks */ = {
			isa = PBXFrameworksBuildPhase;
			buildActionMask = 2147483647;
			files = (
			);
			runOnlyForDeploymentPostprocessing = 0;
		};
/* End PBXFrameworksBuildPhase section */

/* Begin PBXGroup section */
		02E90DA72A0DEF6500706F80 = {
			isa = PBXGroup;
			children = (
				02E90DB22A0DEF6500706F80 /* Skripsi */,
				02E90DC82A0DEF6700706F80 /* SkripsiTests */,
				02E90DD22A0DEF6700706F80 /* SkripsiUITests */,
				02E90DB12A0DEF6500706F80 /* Products */,
			);
			sourceTree = "<group>";
		};
		02E90DB12A0DEF6500706F80 /* Products */ = {
			isa = PBXGroup;
			children = (
				02E90DB02A0DEF6500706F80 /* Skripsi.app */,
				02E90DC52A0DEF6700706F80 /* SkripsiTests.xctest */,
				02E90DCF2A0DEF6700706F80 /* SkripsiUITests.xctest */,
			);
			name = Products;
			sourceTree = "<group>";
		};
		02E90DB22A0DEF6500706F80 /* Skripsi */ = {
			isa = PBXGroup;
			children = (
				8E4A73892A1CAE4B009BB040 /* ReusableComponent */,
				8E110B112A1CA9A100411ED9 /* Profile */,
				8E115FC82A1A6D500052C16A /* Models */,
				8E115FC32A1A57EA0052C16A /* Helper */,
				8E115FBD2A1A2C540052C16A /* Meal */,
				02E90DB32A0DEF6500706F80 /* SkripsiApp.swift */,
				02E90DB52A0DEF6500706F80 /* ContentView.swift */,
				02E90DB72A0DEF6700706F80 /* Assets.xcassets */,
				02E90DBC2A0DEF6700706F80 /* Persistence.swift */,
				02E90DBE2A0DEF6700706F80 /* Skripsi.xcdatamodeld */,
				02E90DB92A0DEF6700706F80 /* Preview Content */,
				8EDED53E2A1BBA1800DC8C6A /* MainTabConfig.swift */,
			);
			path = Skripsi;
			sourceTree = "<group>";
		};
		02E90DB92A0DEF6700706F80 /* Preview Content */ = {
			isa = PBXGroup;
			children = (
				02E90DBA2A0DEF6700706F80 /* Preview Assets.xcassets */,
			);
			path = "Preview Content";
			sourceTree = "<group>";
		};
		02E90DC82A0DEF6700706F80 /* SkripsiTests */ = {
			isa = PBXGroup;
			children = (
				02E90DC92A0DEF6700706F80 /* SkripsiTests.swift */,
			);
			path = SkripsiTests;
			sourceTree = "<group>";
		};
		02E90DD22A0DEF6700706F80 /* SkripsiUITests */ = {
			isa = PBXGroup;
			children = (
				02E90DD32A0DEF6700706F80 /* SkripsiUITests.swift */,
				02E90DD52A0DEF6700706F80 /* SkripsiUITestsLaunchTests.swift */,
			);
			path = SkripsiUITests;
			sourceTree = "<group>";
		};
		8E110B112A1CA9A100411ED9 /* Profile */ = {
			isa = PBXGroup;
			children = (
				8E110B122A1CAA1600411ED9 /* ProfileTabView.swift */,
			);
			path = Profile;
			sourceTree = "<group>";
		};
		8E115FBD2A1A2C540052C16A /* Meal */ = {
			isa = PBXGroup;
			children = (
				8E115FBE2A1A2C6D0052C16A /* MealTabItemView.swift */,
				8E115FC62A1A6CFE0052C16A /* MealTabItemViewModel.swift */,
				8E115FCE2A1BACE60052C16A /* SeeMoreMealCurrentView.swift */,
			);
			path = Meal;
			sourceTree = "<group>";
		};
		8E115FC32A1A57EA0052C16A /* Helper */ = {
			isa = PBXGroup;
			children = (
				8E115FC42A1A57F50052C16A /* Color.swift */,
			);
			path = Helper;
			sourceTree = "<group>";
		};
		8E115FC82A1A6D500052C16A /* Models */ = {
			isa = PBXGroup;
			children = (
				8E115FC92A1A6D5D0052C16A /* Meal.swift */,
			);
			path = Models;
			sourceTree = "<group>";
		};
		8E4A73892A1CAE4B009BB040 /* ReusableComponent */ = {
			isa = PBXGroup;
			children = (
				8E4A738A2A1CAEB2009BB040 /* ButtonView.swift */,
			);
			path = ReusableComponent;
			sourceTree = "<group>";
		};
/* End PBXGroup section */

/* Begin PBXNativeTarget section */
		02E90DAF2A0DEF6500706F80 /* Skripsi */ = {
			isa = PBXNativeTarget;
			buildConfigurationList = 02E90DD92A0DEF6700706F80 /* Build configuration list for PBXNativeTarget "Skripsi" */;
			buildPhases = (
				02E90DAC2A0DEF6500706F80 /* Sources */,
				02E90DAD2A0DEF6500706F80 /* Frameworks */,
				02E90DAE2A0DEF6500706F80 /* Resources */,
			);
			buildRules = (
			);
			dependencies = (
			);
			name = Skripsi;
			productName = Skripsi;
			productReference = 02E90DB02A0DEF6500706F80 /* Skripsi.app */;
			productType = "com.apple.product-type.application";
		};
		02E90DC42A0DEF6700706F80 /* SkripsiTests */ = {
			isa = PBXNativeTarget;
			buildConfigurationList = 02E90DDC2A0DEF6700706F80 /* Build configuration list for PBXNativeTarget "SkripsiTests" */;
			buildPhases = (
				02E90DC12A0DEF6700706F80 /* Sources */,
				02E90DC22A0DEF6700706F80 /* Frameworks */,
				02E90DC32A0DEF6700706F80 /* Resources */,
			);
			buildRules = (
			);
			dependencies = (
				02E90DC72A0DEF6700706F80 /* PBXTargetDependency */,
			);
			name = SkripsiTests;
			productName = SkripsiTests;
			productReference = 02E90DC52A0DEF6700706F80 /* SkripsiTests.xctest */;
			productType = "com.apple.product-type.bundle.unit-test";
		};
		02E90DCE2A0DEF6700706F80 /* SkripsiUITests */ = {
			isa = PBXNativeTarget;
			buildConfigurationList = 02E90DDF2A0DEF6700706F80 /* Build configuration list for PBXNativeTarget "SkripsiUITests" */;
			buildPhases = (
				02E90DCB2A0DEF6700706F80 /* Sources */,
				02E90DCC2A0DEF6700706F80 /* Frameworks */,
				02E90DCD2A0DEF6700706F80 /* Resources */,
			);
			buildRules = (
			);
			dependencies = (
				02E90DD12A0DEF6700706F80 /* PBXTargetDependency */,
			);
			name = SkripsiUITests;
			productName = SkripsiUITests;
			productReference = 02E90DCF2A0DEF6700706F80 /* SkripsiUITests.xctest */;
			productType = "com.apple.product-type.bundle.ui-testing";
		};
/* End PBXNativeTarget section */

/* Begin PBXProject section */
		02E90DA82A0DEF6500706F80 /* Project object */ = {
			isa = PBXProject;
			attributes = {
				BuildIndependentTargetsInParallel = 1;
				LastSwiftUpdateCheck = 1430;
				LastUpgradeCheck = 1430;
				TargetAttributes = {
					02E90DAF2A0DEF6500706F80 = {
						CreatedOnToolsVersion = 14.3;
					};
					02E90DC42A0DEF6700706F80 = {
						CreatedOnToolsVersion = 14.3;
						TestTargetID = 02E90DAF2A0DEF6500706F80;
					};
					02E90DCE2A0DEF6700706F80 = {
						CreatedOnToolsVersion = 14.3;
						TestTargetID = 02E90DAF2A0DEF6500706F80;
					};
				};
			};
			buildConfigurationList = 02E90DAB2A0DEF6500706F80 /* Build configuration list for PBXProject "Skripsi" */;
			compatibilityVersion = "Xcode 14.0";
			developmentRegion = en;
			hasScannedForEncodings = 0;
			knownRegions = (
				en,
				Base,
			);
			mainGroup = 02E90DA72A0DEF6500706F80;
			productRefGroup = 02E90DB12A0DEF6500706F80 /* Products */;
			projectDirPath = "";
			projectRoot = "";
			targets = (
				02E90DAF2A0DEF6500706F80 /* Skripsi */,
				02E90DC42A0DEF6700706F80 /* SkripsiTests */,
				02E90DCE2A0DEF6700706F80 /* SkripsiUITests */,
			);
		};
/* End PBXProject section */

/* Begin PBXResourcesBuildPhase section */
		02E90DAE2A0DEF6500706F80 /* Resources */ = {
			isa = PBXResourcesBuildPhase;
			buildActionMask = 2147483647;
			files = (
				02E90DBB2A0DEF6700706F80 /* Preview Assets.xcassets in Resources */,
				02E90DB82A0DEF6700706F80 /* Assets.xcassets in Resources */,
			);
			runOnlyForDeploymentPostprocessing = 0;
		};
		02E90DC32A0DEF6700706F80 /* Resources */ = {
			isa = PBXResourcesBuildPhase;
			buildActionMask = 2147483647;
			files = (
			);
			runOnlyForDeploymentPostprocessing = 0;
		};
		02E90DCD2A0DEF6700706F80 /* Resources */ = {
			isa = PBXResourcesBuildPhase;
			buildActionMask = 2147483647;
			files = (
			);
			runOnlyForDeploymentPostprocessing = 0;
		};
/* End PBXResourcesBuildPhase section */

/* Begin PBXSourcesBuildPhase section */
		02E90DAC2A0DEF6500706F80 /* Sources */ = {
			isa = PBXSourcesBuildPhase;
			buildActionMask = 2147483647;
			files = (
				02E90DBD2A0DEF6700706F80 /* Persistence.swift in Sources */,
				8E115FC72A1A6CFE0052C16A /* MealTabItemViewModel.swift in Sources */,
				8E4A738B2A1CAEB2009BB040 /* ButtonView.swift in Sources */,
				8E115FCF2A1BACE60052C16A /* SeeMoreMealCurrentView.swift in Sources */,
				02E90DC02A0DEF6700706F80 /* Skripsi.xcdatamodeld in Sources */,
				02E90DB62A0DEF6500706F80 /* ContentView.swift in Sources */,
				8E115FCA2A1A6D5D0052C16A /* Meal.swift in Sources */,
				02E90DB42A0DEF6500706F80 /* SkripsiApp.swift in Sources */,
				8E110B132A1CAA1600411ED9 /* ProfileTabView.swift in Sources */,
				8E115FBF2A1A2C6D0052C16A /* MealTabItemView.swift in Sources */,
				8EDED53F2A1BBA1800DC8C6A /* MainTabConfig.swift in Sources */,
				8E115FC52A1A57F50052C16A /* Color.swift in Sources */,
			);
			runOnlyForDeploymentPostprocessing = 0;
		};
		02E90DC12A0DEF6700706F80 /* Sources */ = {
			isa = PBXSourcesBuildPhase;
			buildActionMask = 2147483647;
			files = (
				02E90DCA2A0DEF6700706F80 /* SkripsiTests.swift in Sources */,
			);
			runOnlyForDeploymentPostprocessing = 0;
		};
		02E90DCB2A0DEF6700706F80 /* Sources */ = {
			isa = PBXSourcesBuildPhase;
			buildActionMask = 2147483647;
			files = (
				02E90DD62A0DEF6700706F80 /* SkripsiUITestsLaunchTests.swift in Sources */,
				02E90DD42A0DEF6700706F80 /* SkripsiUITests.swift in Sources */,
			);
			runOnlyForDeploymentPostprocessing = 0;
		};
/* End PBXSourcesBuildPhase section */

/* Begin PBXTargetDependency section */
		02E90DC72A0DEF6700706F80 /* PBXTargetDependency */ = {
			isa = PBXTargetDependency;
			target = 02E90DAF2A0DEF6500706F80 /* Skripsi */;
			targetProxy = 02E90DC62A0DEF6700706F80 /* PBXContainerItemProxy */;
		};
		02E90DD12A0DEF6700706F80 /* PBXTargetDependency */ = {
			isa = PBXTargetDependency;
			target = 02E90DAF2A0DEF6500706F80 /* Skripsi */;
			targetProxy = 02E90DD02A0DEF6700706F80 /* PBXContainerItemProxy */;
		};
/* End PBXTargetDependency section */

/* Begin XCBuildConfiguration section */
		02E90DD72A0DEF6700706F80 /* Debug */ = {
			isa = XCBuildConfiguration;
			buildSettings = {
				ALWAYS_SEARCH_USER_PATHS = NO;
				CLANG_ANALYZER_NONNULL = YES;
				CLANG_ANALYZER_NUMBER_OBJECT_CONVERSION = YES_AGGRESSIVE;
				CLANG_CXX_LANGUAGE_STANDARD = "gnu++20";
				CLANG_ENABLE_MODULES = YES;
				CLANG_ENABLE_OBJC_ARC = YES;
				CLANG_ENABLE_OBJC_WEAK = YES;
				CLANG_WARN_BLOCK_CAPTURE_AUTORELEASING = YES;
				CLANG_WARN_BOOL_CONVERSION = YES;
				CLANG_WARN_COMMA = YES;
				CLANG_WARN_CONSTANT_CONVERSION = YES;
				CLANG_WARN_DEPRECATED_OBJC_IMPLEMENTATIONS = YES;
				CLANG_WARN_DIRECT_OBJC_ISA_USAGE = YES_ERROR;
				CLANG_WARN_DOCUMENTATION_COMMENTS = YES;
				CLANG_WARN_EMPTY_BODY = YES;
				CLANG_WARN_ENUM_CONVERSION = YES;
				CLANG_WARN_INFINITE_RECURSION = YES;
				CLANG_WARN_INT_CONVERSION = YES;
				CLANG_WARN_NON_LITERAL_NULL_CONVERSION = YES;
				CLANG_WARN_OBJC_IMPLICIT_RETAIN_SELF = YES;
				CLANG_WARN_OBJC_LITERAL_CONVERSION = YES;
				CLANG_WARN_OBJC_ROOT_CLASS = YES_ERROR;
				CLANG_WARN_QUOTED_INCLUDE_IN_FRAMEWORK_HEADER = YES;
				CLANG_WARN_RANGE_LOOP_ANALYSIS = YES;
				CLANG_WARN_STRICT_PROTOTYPES = YES;
				CLANG_WARN_SUSPICIOUS_MOVE = YES;
				CLANG_WARN_UNGUARDED_AVAILABILITY = YES_AGGRESSIVE;
				CLANG_WARN_UNREACHABLE_CODE = YES;
				CLANG_WARN__DUPLICATE_METHOD_MATCH = YES;
				COPY_PHASE_STRIP = NO;
				DEBUG_INFORMATION_FORMAT = dwarf;
				ENABLE_STRICT_OBJC_MSGSEND = YES;
				ENABLE_TESTABILITY = YES;
				GCC_C_LANGUAGE_STANDARD = gnu11;
				GCC_DYNAMIC_NO_PIC = NO;
				GCC_NO_COMMON_BLOCKS = YES;
				GCC_OPTIMIZATION_LEVEL = 0;
				GCC_PREPROCESSOR_DEFINITIONS = (
					"DEBUG=1",
					"$(inherited)",
				);
				GCC_WARN_64_TO_32_BIT_CONVERSION = YES;
				GCC_WARN_ABOUT_RETURN_TYPE = YES_ERROR;
				GCC_WARN_UNDECLARED_SELECTOR = YES;
				GCC_WARN_UNINITIALIZED_AUTOS = YES_AGGRESSIVE;
				GCC_WARN_UNUSED_FUNCTION = YES;
				GCC_WARN_UNUSED_VARIABLE = YES;
				IPHONEOS_DEPLOYMENT_TARGET = 16.4;
				MTL_ENABLE_DEBUG_INFO = INCLUDE_SOURCE;
				MTL_FAST_MATH = YES;
				ONLY_ACTIVE_ARCH = YES;
				SDKROOT = iphoneos;
				SWIFT_ACTIVE_COMPILATION_CONDITIONS = DEBUG;
				SWIFT_OPTIMIZATION_LEVEL = "-Onone";
			};
			name = Debug;
		};
		02E90DD82A0DEF6700706F80 /* Release */ = {
			isa = XCBuildConfiguration;
			buildSettings = {
				ALWAYS_SEARCH_USER_PATHS = NO;
				CLANG_ANALYZER_NONNULL = YES;
				CLANG_ANALYZER_NUMBER_OBJECT_CONVERSION = YES_AGGRESSIVE;
				CLANG_CXX_LANGUAGE_STANDARD = "gnu++20";
				CLANG_ENABLE_MODULES = YES;
				CLANG_ENABLE_OBJC_ARC = YES;
				CLANG_ENABLE_OBJC_WEAK = YES;
				CLANG_WARN_BLOCK_CAPTURE_AUTORELEASING = YES;
				CLANG_WARN_BOOL_CONVERSION = YES;
				CLANG_WARN_COMMA = YES;
				CLANG_WARN_CONSTANT_CONVERSION = YES;
				CLANG_WARN_DEPRECATED_OBJC_IMPLEMENTATIONS = YES;
				CLANG_WARN_DIRECT_OBJC_ISA_USAGE = YES_ERROR;
				CLANG_WARN_DOCUMENTATION_COMMENTS = YES;
				CLANG_WARN_EMPTY_BODY = YES;
				CLANG_WARN_ENUM_CONVERSION = YES;
				CLANG_WARN_INFINITE_RECURSION = YES;
				CLANG_WARN_INT_CONVERSION = YES;
				CLANG_WARN_NON_LITERAL_NULL_CONVERSION = YES;
				CLANG_WARN_OBJC_IMPLICIT_RETAIN_SELF = YES;
				CLANG_WARN_OBJC_LITERAL_CONVERSION = YES;
				CLANG_WARN_OBJC_ROOT_CLASS = YES_ERROR;
				CLANG_WARN_QUOTED_INCLUDE_IN_FRAMEWORK_HEADER = YES;
				CLANG_WARN_RANGE_LOOP_ANALYSIS = YES;
				CLANG_WARN_STRICT_PROTOTYPES = YES;
				CLANG_WARN_SUSPICIOUS_MOVE = YES;
				CLANG_WARN_UNGUARDED_AVAILABILITY = YES_AGGRESSIVE;
				CLANG_WARN_UNREACHABLE_CODE = YES;
				CLANG_WARN__DUPLICATE_METHOD_MATCH = YES;
				COPY_PHASE_STRIP = NO;
				DEBUG_INFORMATION_FORMAT = "dwarf-with-dsym";
				ENABLE_NS_ASSERTIONS = NO;
				ENABLE_STRICT_OBJC_MSGSEND = YES;
				GCC_C_LANGUAGE_STANDARD = gnu11;
				GCC_NO_COMMON_BLOCKS = YES;
				GCC_WARN_64_TO_32_BIT_CONVERSION = YES;
				GCC_WARN_ABOUT_RETURN_TYPE = YES_ERROR;
				GCC_WARN_UNDECLARED_SELECTOR = YES;
				GCC_WARN_UNINITIALIZED_AUTOS = YES_AGGRESSIVE;
				GCC_WARN_UNUSED_FUNCTION = YES;
				GCC_WARN_UNUSED_VARIABLE = YES;
				IPHONEOS_DEPLOYMENT_TARGET = 16.4;
				MTL_ENABLE_DEBUG_INFO = NO;
				MTL_FAST_MATH = YES;
				SDKROOT = iphoneos;
				SWIFT_COMPILATION_MODE = wholemodule;
				SWIFT_OPTIMIZATION_LEVEL = "-O";
				VALIDATE_PRODUCT = YES;
			};
			name = Release;
		};
		02E90DDA2A0DEF6700706F80 /* Debug */ = {
			isa = XCBuildConfiguration;
			buildSettings = {
				ASSETCATALOG_COMPILER_APPICON_NAME = AppIcon;
				ASSETCATALOG_COMPILER_GLOBAL_ACCENT_COLOR_NAME = AccentColor;
				CODE_SIGN_STYLE = Automatic;
				CURRENT_PROJECT_VERSION = 1;
				DEVELOPMENT_ASSET_PATHS = "\"Skripsi/Preview Content\"";
				DEVELOPMENT_TEAM = ACV2U485KM;
				ENABLE_PREVIEWS = YES;
				GENERATE_INFOPLIST_FILE = YES;
				INFOPLIST_KEY_UIApplicationSceneManifest_Generation = YES;
				INFOPLIST_KEY_UIApplicationSupportsIndirectInputEvents = YES;
				INFOPLIST_KEY_UILaunchScreen_Generation = YES;
				INFOPLIST_KEY_UISupportedInterfaceOrientations_iPad = "UIInterfaceOrientationPortrait UIInterfaceOrientationPortraitUpsideDown UIInterfaceOrientationLandscapeLeft UIInterfaceOrientationLandscapeRight";
				INFOPLIST_KEY_UISupportedInterfaceOrientations_iPhone = "UIInterfaceOrientationPortrait UIInterfaceOrientationLandscapeLeft UIInterfaceOrientationLandscapeRight";
				LD_RUNPATH_SEARCH_PATHS = (
					"$(inherited)",
					"@executable_path/Frameworks",
				);
				MARKETING_VERSION = 1.0;
				PRODUCT_BUNDLE_IDENTIFIER = com.Aria.Skripsi;
				PRODUCT_NAME = "$(TARGET_NAME)";
				SWIFT_EMIT_LOC_STRINGS = YES;
				SWIFT_VERSION = 5.0;
				TARGETED_DEVICE_FAMILY = "1,2";
			};
			name = Debug;
		};
		02E90DDB2A0DEF6700706F80 /* Release */ = {
			isa = XCBuildConfiguration;
			buildSettings = {
				ASSETCATALOG_COMPILER_APPICON_NAME = AppIcon;
				ASSETCATALOG_COMPILER_GLOBAL_ACCENT_COLOR_NAME = AccentColor;
				CODE_SIGN_STYLE = Automatic;
				CURRENT_PROJECT_VERSION = 1;
				DEVELOPMENT_ASSET_PATHS = "\"Skripsi/Preview Content\"";
				DEVELOPMENT_TEAM = ACV2U485KM;
				ENABLE_PREVIEWS = YES;
				GENERATE_INFOPLIST_FILE = YES;
				INFOPLIST_KEY_UIApplicationSceneManifest_Generation = YES;
				INFOPLIST_KEY_UIApplicationSupportsIndirectInputEvents = YES;
				INFOPLIST_KEY_UILaunchScreen_Generation = YES;
				INFOPLIST_KEY_UISupportedInterfaceOrientations_iPad = "UIInterfaceOrientationPortrait UIInterfaceOrientationPortraitUpsideDown UIInterfaceOrientationLandscapeLeft UIInterfaceOrientationLandscapeRight";
				INFOPLIST_KEY_UISupportedInterfaceOrientations_iPhone = "UIInterfaceOrientationPortrait UIInterfaceOrientationLandscapeLeft UIInterfaceOrientationLandscapeRight";
				LD_RUNPATH_SEARCH_PATHS = (
					"$(inherited)",
					"@executable_path/Frameworks",
				);
				MARKETING_VERSION = 1.0;
				PRODUCT_BUNDLE_IDENTIFIER = com.Aria.Skripsi;
				PRODUCT_NAME = "$(TARGET_NAME)";
				SWIFT_EMIT_LOC_STRINGS = YES;
				SWIFT_VERSION = 5.0;
				TARGETED_DEVICE_FAMILY = "1,2";
			};
			name = Release;
		};
		02E90DDD2A0DEF6700706F80 /* Debug */ = {
			isa = XCBuildConfiguration;
			buildSettings = {
				ALWAYS_EMBED_SWIFT_STANDARD_LIBRARIES = YES;
				BUNDLE_LOADER = "$(TEST_HOST)";
				CODE_SIGN_STYLE = Automatic;
				CURRENT_PROJECT_VERSION = 1;
				DEVELOPMENT_TEAM = ACV2U485KM;
				GENERATE_INFOPLIST_FILE = YES;
				IPHONEOS_DEPLOYMENT_TARGET = 16.4;
				MARKETING_VERSION = 1.0;
				PRODUCT_BUNDLE_IDENTIFIER = com.Aria.SkripsiTests;
				PRODUCT_NAME = "$(TARGET_NAME)";
				SWIFT_EMIT_LOC_STRINGS = NO;
				SWIFT_VERSION = 5.0;
				TARGETED_DEVICE_FAMILY = "1,2";
				TEST_HOST = "$(BUILT_PRODUCTS_DIR)/Skripsi.app/$(BUNDLE_EXECUTABLE_FOLDER_PATH)/Skripsi";
			};
			name = Debug;
		};
		02E90DDE2A0DEF6700706F80 /* Release */ = {
			isa = XCBuildConfiguration;
			buildSettings = {
				ALWAYS_EMBED_SWIFT_STANDARD_LIBRARIES = YES;
				BUNDLE_LOADER = "$(TEST_HOST)";
				CODE_SIGN_STYLE = Automatic;
				CURRENT_PROJECT_VERSION = 1;
				DEVELOPMENT_TEAM = ACV2U485KM;
				GENERATE_INFOPLIST_FILE = YES;
				IPHONEOS_DEPLOYMENT_TARGET = 16.4;
				MARKETING_VERSION = 1.0;
				PRODUCT_BUNDLE_IDENTIFIER = com.Aria.SkripsiTests;
				PRODUCT_NAME = "$(TARGET_NAME)";
				SWIFT_EMIT_LOC_STRINGS = NO;
				SWIFT_VERSION = 5.0;
				TARGETED_DEVICE_FAMILY = "1,2";
				TEST_HOST = "$(BUILT_PRODUCTS_DIR)/Skripsi.app/$(BUNDLE_EXECUTABLE_FOLDER_PATH)/Skripsi";
			};
			name = Release;
		};
		02E90DE02A0DEF6700706F80 /* Debug */ = {
			isa = XCBuildConfiguration;
			buildSettings = {
				ALWAYS_EMBED_SWIFT_STANDARD_LIBRARIES = YES;
				CODE_SIGN_STYLE = Automatic;
				CURRENT_PROJECT_VERSION = 1;
				DEVELOPMENT_TEAM = ACV2U485KM;
				GENERATE_INFOPLIST_FILE = YES;
				MARKETING_VERSION = 1.0;
				PRODUCT_BUNDLE_IDENTIFIER = com.Aria.SkripsiUITests;
				PRODUCT_NAME = "$(TARGET_NAME)";
				SWIFT_EMIT_LOC_STRINGS = NO;
				SWIFT_VERSION = 5.0;
				TARGETED_DEVICE_FAMILY = "1,2";
				TEST_TARGET_NAME = Skripsi;
			};
			name = Debug;
		};
		02E90DE12A0DEF6700706F80 /* Release */ = {
			isa = XCBuildConfiguration;
			buildSettings = {
				ALWAYS_EMBED_SWIFT_STANDARD_LIBRARIES = YES;
				CODE_SIGN_STYLE = Automatic;
				CURRENT_PROJECT_VERSION = 1;
				DEVELOPMENT_TEAM = ACV2U485KM;
				GENERATE_INFOPLIST_FILE = YES;
				MARKETING_VERSION = 1.0;
				PRODUCT_BUNDLE_IDENTIFIER = com.Aria.SkripsiUITests;
				PRODUCT_NAME = "$(TARGET_NAME)";
				SWIFT_EMIT_LOC_STRINGS = NO;
				SWIFT_VERSION = 5.0;
				TARGETED_DEVICE_FAMILY = "1,2";
				TEST_TARGET_NAME = Skripsi;
			};
			name = Release;
		};
/* End XCBuildConfiguration section */

/* Begin XCConfigurationList section */
		02E90DAB2A0DEF6500706F80 /* Build configuration list for PBXProject "Skripsi" */ = {
			isa = XCConfigurationList;
			buildConfigurations = (
				02E90DD72A0DEF6700706F80 /* Debug */,
				02E90DD82A0DEF6700706F80 /* Release */,
			);
			defaultConfigurationIsVisible = 0;
			defaultConfigurationName = Release;
		};
		02E90DD92A0DEF6700706F80 /* Build configuration list for PBXNativeTarget "Skripsi" */ = {
			isa = XCConfigurationList;
			buildConfigurations = (
				02E90DDA2A0DEF6700706F80 /* Debug */,
				02E90DDB2A0DEF6700706F80 /* Release */,
			);
			defaultConfigurationIsVisible = 0;
			defaultConfigurationName = Release;
		};
		02E90DDC2A0DEF6700706F80 /* Build configuration list for PBXNativeTarget "SkripsiTests" */ = {
			isa = XCConfigurationList;
			buildConfigurations = (
				02E90DDD2A0DEF6700706F80 /* Debug */,
				02E90DDE2A0DEF6700706F80 /* Release */,
			);
			defaultConfigurationIsVisible = 0;
			defaultConfigurationName = Release;
		};
		02E90DDF2A0DEF6700706F80 /* Build configuration list for PBXNativeTarget "SkripsiUITests" */ = {
			isa = XCConfigurationList;
			buildConfigurations = (
				02E90DE02A0DEF6700706F80 /* Debug */,
				02E90DE12A0DEF6700706F80 /* Release */,
			);
			defaultConfigurationIsVisible = 0;
			defaultConfigurationName = Release;
		};
/* End XCConfigurationList section */

/* Begin XCVersionGroup section */
		02E90DBE2A0DEF6700706F80 /* Skripsi.xcdatamodeld */ = {
			isa = XCVersionGroup;
			children = (
				02E90DBF2A0DEF6700706F80 /* Skripsi.xcdatamodel */,
			);
			currentVersion = 02E90DBF2A0DEF6700706F80 /* Skripsi.xcdatamodel */;
			path = Skripsi.xcdatamodeld;
			sourceTree = "<group>";
			versionGroupType = wrapper.xcdatamodel;
		};
/* End XCVersionGroup section */
	};
	rootObject = 02E90DA82A0DEF6500706F80 /* Project object */;
}
